
Microsoft Visual Studio Solution File, Format Version 12.00
# Visual Studio 14
VisualStudioVersion = 14.0.25123.0
MinimumVisualStudioVersion = 10.0.40219.1
Project("{2150E333-8FDC-42A3-9474-1A3956D46DE8}") = "Client", "Client", "{5AC7A2A4-80A8-4A92-8F35-722FF985D73F}"
EndProject
Project("{2150E333-8FDC-42A3-9474-1A3956D46DE8}") = "Server", "Server", "{F3EB6686-FD78-4420-B697-9AE64AFB890F}"
EndProject
Project("{2150E333-8FDC-42A3-9474-1A3956D46DE8}") = "Framework", "Framework", "{18B18911-A973-43C6-9F53-DEEA49D26297}"
EndProject
Project("{2150E333-8FDC-42A3-9474-1A3956D46DE8}") = "Business Layer", "Business Layer", "{53B14804-2A12-46E5-B9FA-9B63D040FF2C}"
EndProject
Project("{2150E333-8FDC-42A3-9474-1A3956D46DE8}") = "Service Layer", "Service Layer", "{7E6FA043-C91C-4546-ADF1-EC207329BEDE}"
EndProject
Project("{2150E333-8FDC-42A3-9474-1A3956D46DE8}") = "Data Access Layer", "Data Access Layer", "{EB57E515-AFEA-4AEB-8D26-89AB7685BE72}"
EndProject
Project("{2150E333-8FDC-42A3-9474-1A3956D46DE8}") = "Source", "Source", "{AE702ACC-78F9-4BFC-8B83-63EBB6FFB73D}"
EndProject
Project("{2150E333-8FDC-42A3-9474-1A3956D46DE8}") = "Tests", "Tests", "{CA66080A-402C-4012-9007-7F1EF1AE2C02}"
EndProject
Project("{FAE04EC0-301F-11D3-BF4B-00C04F79EFBC}") = "CLog.Models", "Server\Source\CLog.Models\CLog.Models.csproj", "{072BC0EC-7786-4E71-A344-DACA6F0BEFF0}"
EndProject
Project("{FAE04EC0-301F-11D3-BF4B-00C04F79EFBC}") = "CLog.Business.Access", "Server\Source\CLog.Business.Access\CLog.Business.Access.csproj", "{49EACEAA-4D6B-4537-950A-B902D15E0C7E}"
EndProject
Project("{FAE04EC0-301F-11D3-BF4B-00C04F79EFBC}") = "CLog.Framework.Business", "Server\Source\CLog.Framework.Business\CLog.Framework.Business.csproj", "{9559A4A8-5060-4C31-99BC-453E30B506DA}"
EndProject
Project("{2150E333-8FDC-42A3-9474-1A3956D46DE8}") = "Hosting", "Hosting", "{B51A4324-796E-4FC5-86E7-18DEF9011CB6}"
EndProject
Project("{2150E333-8FDC-42A3-9474-1A3956D46DE8}") = "Documents", "Documents", "{6583D9CA-1616-45CE-A8EC-60234035D269}"
	ProjectSection(SolutionItems) = preProject
		Article Notes.txt = Article Notes.txt
		References.txt = References.txt
		TODO.txt = TODO.txt
	EndProjectSection
EndProject
Project("{2150E333-8FDC-42A3-9474-1A3956D46DE8}") = "Common", "Common", "{EC1E3588-23EA-46DF-A6E5-75E56C9D5E9A}"
EndProject
Project("{FAE04EC0-301F-11D3-BF4B-00C04F79EFBC}") = "CLog.Common", "Common\CLog.Common\CLog.Common.csproj", "{C1C7C56E-18AA-41C2-8051-9FE696F8A3BF}"
EndProject
Project("{2150E333-8FDC-42A3-9474-1A3956D46DE8}") = "Source", "Source", "{98125B59-ACB0-44CA-A126-CFBB9A2F7A2E}"
EndProject
Project("{FAE04EC0-301F-11D3-BF4B-00C04F79EFBC}") = "CLog.DataAccess", "Server\Source\CLog.DataAccess\CLog.DataAccess.csproj", "{9680EDEF-352C-4AB0-AF9F-D96FC69D53B3}"
EndProject
Project("{FAE04EC0-301F-11D3-BF4B-00C04F79EFBC}") = "CLog.DataAccess.Contracts", "Server\Source\CLog.DataAccess.Contracts\CLog.DataAccess.Contracts.csproj", "{69D9EC6A-DE20-466E-BB13-1DDF9A8C395B}"
EndProject
Project("{FAE04EC0-301F-11D3-BF4B-00C04F79EFBC}") = "CLog.Business.Tests", "Server\Tests\CLog.Business.Tests\CLog.Business.Tests.csproj", "{E15AC53D-E008-4217-96BD-76D47B62F56A}"
EndProject
Project("{FAE04EC0-301F-11D3-BF4B-00C04F79EFBC}") = "CLog.DataAccess.Tests", "Server\Tests\CLog.DataAccess.Tests\CLog.DataAccess.Tests.csproj", "{83C8F4E6-623B-4B88-9BDB-B33F18C15157}"
EndProject
Project("{2150E333-8FDC-42A3-9474-1A3956D46DE8}") = "Dependencies", "Dependencies", "{563B1F9A-E5ED-4216-BAE1-A44738DACA65}"
EndProject
Project("{00D1A9C2-B5F0-4AF3-8072-F6C62B433612}") = "CLog.Database.SqlServer", "Server\Dependencies\CLog.Database.SqlServer\CLog.Database.SqlServer.sqlproj", "{DE3C64E0-DDCC-4649-BAE7-7E3A0FFD2C00}"
EndProject
Project("{FAE04EC0-301F-11D3-BF4B-00C04F79EFBC}") = "CLog.Models.Mocks", "Server\Tests\CLog.Models.Mocks\CLog.Models.Mocks.csproj", "{4AA3E63B-7FE4-4FD2-AD20-066E428BF8F7}"
EndProject
Project("{2150E333-8FDC-42A3-9474-1A3956D46DE8}") = "Infrastructure Layer", "Infrastructure Layer", "{7D4A8187-B432-45EA-A841-C53897842CE0}"
EndProject
Project("{FAE04EC0-301F-11D3-BF4B-00C04F79EFBC}") = "CLog.Infrastructure.Contracts", "Server\Source\CLog.Infrastructure.Contracts\CLog.Infrastructure.Contracts.csproj", "{CCF59BB2-CE3B-4651-B51F-2DB83F2314B7}"
EndProject
Project("{FAE04EC0-301F-11D3-BF4B-00C04F79EFBC}") = "CLog.Infrastructure", "Server\Source\CLog.Infrastructure\CLog.Infrastructure.csproj", "{B8E83346-C8A8-497B-8CA5-187858607184}"
EndProject
Project("{FAE04EC0-301F-11D3-BF4B-00C04F79EFBC}") = "CLog.Infrastructure.Tests", "Server\Tests\CLog.Infrastructure.Tests\CLog.Infrastructure.Tests.csproj", "{BA06E476-B9E0-478A-91A4-9B99E019183E}"
EndProject
Project("{FAE04EC0-301F-11D3-BF4B-00C04F79EFBC}") = "CLog.Services.Access", "Server\Source\CLog.Services.Access\CLog.Services.Access.csproj", "{7FA67315-3CDA-43AD-B844-6871916310E2}"
EndProject
Project("{FAE04EC0-301F-11D3-BF4B-00C04F79EFBC}") = "CLog.Framework.Services", "Server\Source\CLog.Framework.Services\CLog.Framework.Services.csproj", "{E8F5210D-AC3C-481D-B018-51193DBAEFF5}"
EndProject
Project("{FAE04EC0-301F-11D3-BF4B-00C04F79EFBC}") = "CLog.Services.Models", "Server\Source\CLog.Services.Models\CLog.Services.Models.csproj", "{659A8269-14B2-4215-87C2-3A7B8DB4C158}"
EndProject
Project("{FAE04EC0-301F-11D3-BF4B-00C04F79EFBC}") = "CLog.Services.Tests", "Server\Tests\CLog.Services.Tests\CLog.Services.Tests.csproj", "{2D0512C2-DB02-4613-BD52-699A20D23DC9}"
EndProject
Project("{FAE04EC0-301F-11D3-BF4B-00C04F79EFBC}") = "CLog.Framework.Services.Models", "Server\Source\CLog.Framework.Services.Models\CLog.Framework.Services.Models.csproj", "{43E08E22-C9CB-471C-90D7-1FDAB177823A}"
EndProject
Project("{FAE04EC0-301F-11D3-BF4B-00C04F79EFBC}") = "CLog.Framework.ServiceClients", "Server\Source\CLog.Framework.ServiceClients\CLog.Framework.ServiceClients.csproj", "{9111B9F4-2F57-43F1-A596-D24D7C3CD816}"
EndProject
Project("{2150E333-8FDC-42A3-9474-1A3956D46DE8}") = "Tests", "Tests", "{ADF84F65-0A03-4A1D-953D-787EBBDB4A88}"
EndProject
Project("{FAE04EC0-301F-11D3-BF4B-00C04F79EFBC}") = "CLog.Clients.IntegrationTests", "Client\Tests\CLog.Clients.IntegrationTests\CLog.Clients.IntegrationTests.csproj", "{19A82130-DA7C-4688-8895-3F35A48AF1E1}"
EndProject
Project("{2150E333-8FDC-42A3-9474-1A3956D46DE8}") = "Cross Cutting Concerns", "Cross Cutting Concerns", "{4AA31B92-A13A-47AA-8C61-C741397D5888}"
EndProject
Project("{FAE04EC0-301F-11D3-BF4B-00C04F79EFBC}") = "CLog.Common.Log4NetLogger", "Common\CLog.Common.Log4NetLogger\CLog.Common.Log4NetLogger.csproj", "{73CC9B66-1F09-4F70-9EEB-76945251CC88}"
EndProject
Project("{2150E333-8FDC-42A3-9474-1A3956D46DE8}") = "Utilities", "Utilities", "{993AC7DB-60D6-477A-BA0F-C2E50EDAA774}"
EndProject
Project("{FAE04EC0-301F-11D3-BF4B-00C04F79EFBC}") = "CLog.Utilities.PasswordHasher", "Utilities\CLog.Utilities.PasswordHasher\CLog.Utilities.PasswordHasher.csproj", "{391E988F-C455-4373-9AC1-5048FF129774}"
EndProject
Project("{2150E333-8FDC-42A3-9474-1A3956D46DE8}") = "Applications", "Applications", "{74D9D1EA-08D1-4318-8266-253432E663F1}"
EndProject
Project("{FAE04EC0-301F-11D3-BF4B-00C04F79EFBC}") = "ChronoLog.Configuration", "Client\Source\ChronoLog.Configuration\ChronoLog.Configuration.csproj", "{8E5E491E-DE3F-4B6E-BC08-D1502E529F4D}"
EndProject
Project("{2150E333-8FDC-42A3-9474-1A3956D46DE8}") = "Modules", "Modules", "{84BE1580-9563-4EC8-9333-ADB2DBD30946}"
EndProject
Project("{FAE04EC0-301F-11D3-BF4B-00C04F79EFBC}") = "CLog.UI.Main", "Client\Source\CLog.UI.Main\CLog.UI.Main.csproj", "{72965DB6-5688-4643-8ADA-3ECA78BC6988}"
EndProject
Project("{2150E333-8FDC-42A3-9474-1A3956D46DE8}") = "Framework", "Framework", "{7C38CF73-84E3-4DB3-BC74-D125AF52F9D9}"
EndProject
Project("{FAE04EC0-301F-11D3-BF4B-00C04F79EFBC}") = "CLog.Framework.Configuration", "Common\CLog.Framework.Configuration\CLog.Framework.Configuration.csproj", "{29254870-8CAC-4798-8CCB-8DAB46A5F4E4}"
EndProject
Project("{FAE04EC0-301F-11D3-BF4B-00C04F79EFBC}") = "ChronoLog", "Client\Source\ChronoLog\ChronoLog.csproj", "{CAFAE540-FEF2-4001-BCC2-7B3F9A4C4B88}"
EndProject
Project("{FAE04EC0-301F-11D3-BF4B-00C04F79EFBC}") = "CLog.Services.Contracts", "Server\Source\CLog.Services.Contracts\CLog.Services.Contracts.csproj", "{73BE3234-F7AC-4FDD-B3F9-63533E5FAB05}"
EndProject
Project("{2150E333-8FDC-42A3-9474-1A3956D46DE8}") = "Integration Layer", "Integration Layer", "{6E324DA6-A2BE-4A49-8DA9-E79B7259AFB9}"
EndProject
Project("{FAE04EC0-301F-11D3-BF4B-00C04F79EFBC}") = "CLog.ServiceClients", "Client\Source\CLog.ServiceClients\CLog.ServiceClients.csproj", "{C86BAF0D-FA21-4D30-BA75-03DDF97D3B9A}"
EndProject
Project("{FAE04EC0-301F-11D3-BF4B-00C04F79EFBC}") = "CLog.ServiceClients.Contracts", "Client\Source\CLog.ServiceClients.Contracts\CLog.ServiceClients.Contracts.csproj", "{6FDEEA1C-53C7-437E-BCF3-6FA64B5A64C6}"
EndProject
Project("{FAE04EC0-301F-11D3-BF4B-00C04F79EFBC}") = "CLog.Business.Contracts", "Server\Source\CLog.Business.Contracts\CLog.Business.Contracts.csproj", "{709A7764-2254-43C1-83DB-8B50A941D8FD}"
EndProject
Project("{FAE04EC0-301F-11D3-BF4B-00C04F79EFBC}") = "CLog.Framework.Models", "Server\Source\CLog.Framework.Models\CLog.Framework.Models.csproj", "{AF965730-D7B2-4174-B0E7-A3B431EA5532}"
EndProject
Project("{FAE04EC0-301F-11D3-BF4B-00C04F79EFBC}") = "ChronoLog.Host", "Server\Source\ChronoLog.Host\ChronoLog.Host.csproj", "{1D3CFC94-D6C9-42FC-AE72-0E129D3BDA52}"
EndProject
Project("{FAE04EC0-301F-11D3-BF4B-00C04F79EFBC}") = "ChronoLog.Host.Configuration", "Server\Source\ChronoLog.Host.Configuration\ChronoLog.Host.Configuration.csproj", "{11EACBA2-C510-4728-AE64-DE17A6D609C8}"
EndProject
Project("{2150E333-8FDC-42A3-9474-1A3956D46DE8}") = "Models", "Models", "{508403FE-FCC9-4EA2-B4DA-872ACD74A92B}"
EndProject
Project("{FAE04EC0-301F-11D3-BF4B-00C04F79EFBC}") = "CLog.UI.Models", "Client\Source\CLog.UI.Models\CLog.UI.Models.csproj", "{80C544C2-E16D-47BC-AABB-6D94235C6D13}"
EndProject
Project("{FAE04EC0-301F-11D3-BF4B-00C04F79EFBC}") = "CLog.UI.Common", "Client\Source\CLog.UI.Common\CLog.UI.Common.csproj", "{A4C0E351-F70F-4738-AA07-E46DF0E60374}"
EndProject
Project("{FAE04EC0-301F-11D3-BF4B-00C04F79EFBC}") = "CLog.UI.CaptureTime", "Client\Source\CLog.UI.CaptureTime\CLog.UI.CaptureTime.csproj", "{CBCC85C1-68C8-486F-89F9-3480D5FB0E71}"
EndProject
Project("{FAE04EC0-301F-11D3-BF4B-00C04F79EFBC}") = "CLog.UI.UserProfile", "Client\Source\CLog.UI.UserProfile\CLog.UI.UserProfile.csproj", "{6CA4953B-8F4E-4EE1-885C-88F43C6FB339}"
EndProject
Project("{2150E333-8FDC-42A3-9474-1A3956D46DE8}") = "Implementations", "Implementations", "{2A3034E1-E6D6-478E-8DD1-FBCED7E915D1}"
EndProject
Project("{FAE04EC0-301F-11D3-BF4B-00C04F79EFBC}") = "CLog.Services.Users", "Server\Source\CLog.Services.Users\CLog.Services.Users.csproj", "{D2119845-ECE3-4421-AD12-1C9D1601DEE6}"
EndProject
Project("{FAE04EC0-301F-11D3-BF4B-00C04F79EFBC}") = "CLog.Business.Users", "Server\Source\CLog.Business.Users\CLog.Business.Users.csproj", "{7E609F90-971A-4B93-80B2-5255A5F85404}"
EndProject
Project("{2150E333-8FDC-42A3-9474-1A3956D46DE8}") = "Framework", "Framework", "{F30BA3E2-9D0A-4A1E-A6FF-BD51B4984B96}"
EndProject
Project("{FAE04EC0-301F-11D3-BF4B-00C04F79EFBC}") = "CLog.ServiceClients.Security", "Client\Source\CLog.ServiceClients.Security\CLog.ServiceClients.Security.csproj", "{B683C213-EE65-4425-AB9A-AE9CDC12E4F6}"
EndProject
Project("{FAE04EC0-301F-11D3-BF4B-00C04F79EFBC}") = "CLog.Services.Security.Contracts", "Server\Source\CLog.Services.Security.Contracts\CLog.Services.Security.Contracts.csproj", "{9391BD19-C666-4BB5-8264-58AB71F4DD21}"
EndProject
Project("{FAE04EC0-301F-11D3-BF4B-00C04F79EFBC}") = "CLog.Business.Security.Contracts", "Server\Source\CLog.Business.Security.Contracts\CLog.Business.Security.Contracts.csproj", "{192A5FFB-E001-4D61-89FB-EC3EBFC91D4E}"
EndProject
Project("{FAE04EC0-301F-11D3-BF4B-00C04F79EFBC}") = "CLog.Services.Timesheets", "Server\Source\CLog.Services.Timesheets\CLog.Services.Timesheets.csproj", "{B113C280-A761-401E-82AB-49BA4B1E38D2}"
EndProject
Project("{2150E333-8FDC-42A3-9474-1A3956D46DE8}") = "Implementations", "Implementations", "{8338457D-8EA5-49FD-8C4C-C0271CCAF8C0}"
EndProject
Project("{FAE04EC0-301F-11D3-BF4B-00C04F79EFBC}") = "CLog.Business.Timesheets", "Server\Source\CLog.Business.Timesheets\CLog.Business.Timesheets.csproj", "{6931ABDB-03A2-46E7-919D-A95DC7EABAB5}"
EndProject
Project("{FAE04EC0-301F-11D3-BF4B-00C04F79EFBC}") = "CLog.Framework.Security", "Server\Source\CLog.Framework.Security\CLog.Framework.Security.csproj", "{6A92F35D-3D0F-4356-A309-7DAAF54C7C3E}"
EndProject
Project("{2150E333-8FDC-42A3-9474-1A3956D46DE8}") = "Contracts", "Contracts", "{DABC49AB-72A1-454E-BE2D-2F3F0A4B8997}"
EndProject
Project("{2150E333-8FDC-42A3-9474-1A3956D46DE8}") = "Contracts", "Contracts", "{24256BC9-E23A-4B0A-8EAB-EE7DA7A6AFF0}"
EndProject
Project("{2150E333-8FDC-42A3-9474-1A3956D46DE8}") = "Refactoring and Unit Test - security", "Refactoring and Unit Test - security", "{9C3397BA-4358-4810-B5D1-3293D3D7488C}"
	ProjectSection(SolutionItems) = preProject
		Explain how unit test can help ease your mind when refactoring.txt = Explain how unit test can help ease your mind when refactoring.txt
	EndProjectSection
EndProject
Project("{2150E333-8FDC-42A3-9474-1A3956D46DE8}") = "Integration Tests", "Integration Tests", "{BB519BDD-3620-4C93-B1BD-E091FD9FA32C}"
EndProject
Project("{2150E333-8FDC-42A3-9474-1A3956D46DE8}") = "View Tests", "View Tests", "{2951F7E8-684B-46DC-9CEB-FE2AB115018D}"
EndProject
Project("{FAE04EC0-301F-11D3-BF4B-00C04F79EFBC}") = "CLog.UI.Framework.Testing", "Client\Tests\CLog.UI.Framework.Testing\CLog.UI.Framework.Testing.csproj", "{26C1D61B-F746-4D2B-BDAF-72E8A6A315FC}"
EndProject
Project("{FAE04EC0-301F-11D3-BF4B-00C04F79EFBC}") = "CLog.Framework.Services.Wcf", "Server\Source\CLog.Framework.Services.Wcf\CLog.Framework.Services.Wcf.csproj", "{9AF3C6CE-07C1-4014-91CC-3EB085EB1593}"
EndProject
Project("{FAE04EC0-301F-11D3-BF4B-00C04F79EFBC}") = "CLog.Services.Common", "Server\Source\CLog.Services.Common\CLog.Services.Common.csproj", "{6835493E-F8D1-47F7-985D-DA2D5C40EC9C}"
EndProject
Global
	GlobalSection(SolutionConfigurationPlatforms) = preSolution
		Debug|Any CPU = Debug|Any CPU
		Release|Any CPU = Release|Any CPU
	EndGlobalSection
	GlobalSection(ProjectConfigurationPlatforms) = postSolution
		{072BC0EC-7786-4E71-A344-DACA6F0BEFF0}.Debug|Any CPU.ActiveCfg = Debug|Any CPU
		{072BC0EC-7786-4E71-A344-DACA6F0BEFF0}.Debug|Any CPU.Build.0 = Debug|Any CPU
		{072BC0EC-7786-4E71-A344-DACA6F0BEFF0}.Release|Any CPU.ActiveCfg = Release|Any CPU
		{072BC0EC-7786-4E71-A344-DACA6F0BEFF0}.Release|Any CPU.Build.0 = Release|Any CPU
		{49EACEAA-4D6B-4537-950A-B902D15E0C7E}.Debug|Any CPU.ActiveCfg = Debug|Any CPU
		{49EACEAA-4D6B-4537-950A-B902D15E0C7E}.Debug|Any CPU.Build.0 = Debug|Any CPU
		{49EACEAA-4D6B-4537-950A-B902D15E0C7E}.Release|Any CPU.ActiveCfg = Release|Any CPU
		{49EACEAA-4D6B-4537-950A-B902D15E0C7E}.Release|Any CPU.Build.0 = Release|Any CPU
		{9559A4A8-5060-4C31-99BC-453E30B506DA}.Debug|Any CPU.ActiveCfg = Debug|Any CPU
		{9559A4A8-5060-4C31-99BC-453E30B506DA}.Debug|Any CPU.Build.0 = Debug|Any CPU
		{9559A4A8-5060-4C31-99BC-453E30B506DA}.Release|Any CPU.ActiveCfg = Release|Any CPU
		{9559A4A8-5060-4C31-99BC-453E30B506DA}.Release|Any CPU.Build.0 = Release|Any CPU
		{C1C7C56E-18AA-41C2-8051-9FE696F8A3BF}.Debug|Any CPU.ActiveCfg = Debug|Any CPU
		{C1C7C56E-18AA-41C2-8051-9FE696F8A3BF}.Debug|Any CPU.Build.0 = Debug|Any CPU
		{C1C7C56E-18AA-41C2-8051-9FE696F8A3BF}.Release|Any CPU.ActiveCfg = Release|Any CPU
		{C1C7C56E-18AA-41C2-8051-9FE696F8A3BF}.Release|Any CPU.Build.0 = Release|Any CPU
		{9680EDEF-352C-4AB0-AF9F-D96FC69D53B3}.Debug|Any CPU.ActiveCfg = Debug|Any CPU
		{9680EDEF-352C-4AB0-AF9F-D96FC69D53B3}.Debug|Any CPU.Build.0 = Debug|Any CPU
		{9680EDEF-352C-4AB0-AF9F-D96FC69D53B3}.Release|Any CPU.ActiveCfg = Release|Any CPU
		{9680EDEF-352C-4AB0-AF9F-D96FC69D53B3}.Release|Any CPU.Build.0 = Release|Any CPU
		{69D9EC6A-DE20-466E-BB13-1DDF9A8C395B}.Debug|Any CPU.ActiveCfg = Debug|Any CPU
		{69D9EC6A-DE20-466E-BB13-1DDF9A8C395B}.Debug|Any CPU.Build.0 = Debug|Any CPU
		{69D9EC6A-DE20-466E-BB13-1DDF9A8C395B}.Release|Any CPU.ActiveCfg = Release|Any CPU
		{69D9EC6A-DE20-466E-BB13-1DDF9A8C395B}.Release|Any CPU.Build.0 = Release|Any CPU
		{E15AC53D-E008-4217-96BD-76D47B62F56A}.Debug|Any CPU.ActiveCfg = Debug|Any CPU
		{E15AC53D-E008-4217-96BD-76D47B62F56A}.Debug|Any CPU.Build.0 = Debug|Any CPU
		{E15AC53D-E008-4217-96BD-76D47B62F56A}.Release|Any CPU.ActiveCfg = Release|Any CPU
		{E15AC53D-E008-4217-96BD-76D47B62F56A}.Release|Any CPU.Build.0 = Release|Any CPU
		{83C8F4E6-623B-4B88-9BDB-B33F18C15157}.Debug|Any CPU.ActiveCfg = Debug|Any CPU
		{83C8F4E6-623B-4B88-9BDB-B33F18C15157}.Debug|Any CPU.Build.0 = Debug|Any CPU
		{83C8F4E6-623B-4B88-9BDB-B33F18C15157}.Release|Any CPU.ActiveCfg = Release|Any CPU
		{83C8F4E6-623B-4B88-9BDB-B33F18C15157}.Release|Any CPU.Build.0 = Release|Any CPU
		{DE3C64E0-DDCC-4649-BAE7-7E3A0FFD2C00}.Debug|Any CPU.ActiveCfg = Debug|Any CPU
		{DE3C64E0-DDCC-4649-BAE7-7E3A0FFD2C00}.Debug|Any CPU.Build.0 = Debug|Any CPU
		{DE3C64E0-DDCC-4649-BAE7-7E3A0FFD2C00}.Debug|Any CPU.Deploy.0 = Debug|Any CPU
		{DE3C64E0-DDCC-4649-BAE7-7E3A0FFD2C00}.Release|Any CPU.ActiveCfg = Release|Any CPU
		{DE3C64E0-DDCC-4649-BAE7-7E3A0FFD2C00}.Release|Any CPU.Build.0 = Release|Any CPU
		{DE3C64E0-DDCC-4649-BAE7-7E3A0FFD2C00}.Release|Any CPU.Deploy.0 = Release|Any CPU
		{4AA3E63B-7FE4-4FD2-AD20-066E428BF8F7}.Debug|Any CPU.ActiveCfg = Debug|Any CPU
		{4AA3E63B-7FE4-4FD2-AD20-066E428BF8F7}.Debug|Any CPU.Build.0 = Debug|Any CPU
		{4AA3E63B-7FE4-4FD2-AD20-066E428BF8F7}.Release|Any CPU.ActiveCfg = Release|Any CPU
		{4AA3E63B-7FE4-4FD2-AD20-066E428BF8F7}.Release|Any CPU.Build.0 = Release|Any CPU
		{CCF59BB2-CE3B-4651-B51F-2DB83F2314B7}.Debug|Any CPU.ActiveCfg = Debug|Any CPU
		{CCF59BB2-CE3B-4651-B51F-2DB83F2314B7}.Debug|Any CPU.Build.0 = Debug|Any CPU
		{CCF59BB2-CE3B-4651-B51F-2DB83F2314B7}.Release|Any CPU.ActiveCfg = Release|Any CPU
		{CCF59BB2-CE3B-4651-B51F-2DB83F2314B7}.Release|Any CPU.Build.0 = Release|Any CPU
		{B8E83346-C8A8-497B-8CA5-187858607184}.Debug|Any CPU.ActiveCfg = Debug|Any CPU
		{B8E83346-C8A8-497B-8CA5-187858607184}.Debug|Any CPU.Build.0 = Debug|Any CPU
		{B8E83346-C8A8-497B-8CA5-187858607184}.Release|Any CPU.ActiveCfg = Release|Any CPU
		{B8E83346-C8A8-497B-8CA5-187858607184}.Release|Any CPU.Build.0 = Release|Any CPU
		{BA06E476-B9E0-478A-91A4-9B99E019183E}.Debug|Any CPU.ActiveCfg = Debug|Any CPU
		{BA06E476-B9E0-478A-91A4-9B99E019183E}.Debug|Any CPU.Build.0 = Debug|Any CPU
		{BA06E476-B9E0-478A-91A4-9B99E019183E}.Release|Any CPU.ActiveCfg = Release|Any CPU
		{BA06E476-B9E0-478A-91A4-9B99E019183E}.Release|Any CPU.Build.0 = Release|Any CPU
		{7FA67315-3CDA-43AD-B844-6871916310E2}.Debug|Any CPU.ActiveCfg = Debug|Any CPU
		{7FA67315-3CDA-43AD-B844-6871916310E2}.Debug|Any CPU.Build.0 = Debug|Any CPU
		{7FA67315-3CDA-43AD-B844-6871916310E2}.Release|Any CPU.ActiveCfg = Release|Any CPU
		{7FA67315-3CDA-43AD-B844-6871916310E2}.Release|Any CPU.Build.0 = Release|Any CPU
		{E8F5210D-AC3C-481D-B018-51193DBAEFF5}.Debug|Any CPU.ActiveCfg = Debug|Any CPU
		{E8F5210D-AC3C-481D-B018-51193DBAEFF5}.Debug|Any CPU.Build.0 = Debug|Any CPU
		{E8F5210D-AC3C-481D-B018-51193DBAEFF5}.Release|Any CPU.ActiveCfg = Release|Any CPU
		{E8F5210D-AC3C-481D-B018-51193DBAEFF5}.Release|Any CPU.Build.0 = Release|Any CPU
		{659A8269-14B2-4215-87C2-3A7B8DB4C158}.Debug|Any CPU.ActiveCfg = Debug|Any CPU
		{659A8269-14B2-4215-87C2-3A7B8DB4C158}.Debug|Any CPU.Build.0 = Debug|Any CPU
		{659A8269-14B2-4215-87C2-3A7B8DB4C158}.Release|Any CPU.ActiveCfg = Release|Any CPU
		{659A8269-14B2-4215-87C2-3A7B8DB4C158}.Release|Any CPU.Build.0 = Release|Any CPU
		{2D0512C2-DB02-4613-BD52-699A20D23DC9}.Debug|Any CPU.ActiveCfg = Debug|Any CPU
		{2D0512C2-DB02-4613-BD52-699A20D23DC9}.Debug|Any CPU.Build.0 = Debug|Any CPU
		{2D0512C2-DB02-4613-BD52-699A20D23DC9}.Release|Any CPU.ActiveCfg = Release|Any CPU
		{2D0512C2-DB02-4613-BD52-699A20D23DC9}.Release|Any CPU.Build.0 = Release|Any CPU
		{43E08E22-C9CB-471C-90D7-1FDAB177823A}.Debug|Any CPU.ActiveCfg = Debug|Any CPU
		{43E08E22-C9CB-471C-90D7-1FDAB177823A}.Debug|Any CPU.Build.0 = Debug|Any CPU
		{43E08E22-C9CB-471C-90D7-1FDAB177823A}.Release|Any CPU.ActiveCfg = Release|Any CPU
		{43E08E22-C9CB-471C-90D7-1FDAB177823A}.Release|Any CPU.Build.0 = Release|Any CPU
		{9111B9F4-2F57-43F1-A596-D24D7C3CD816}.Debug|Any CPU.ActiveCfg = Debug|Any CPU
		{9111B9F4-2F57-43F1-A596-D24D7C3CD816}.Debug|Any CPU.Build.0 = Debug|Any CPU
		{9111B9F4-2F57-43F1-A596-D24D7C3CD816}.Release|Any CPU.ActiveCfg = Release|Any CPU
		{9111B9F4-2F57-43F1-A596-D24D7C3CD816}.Release|Any CPU.Build.0 = Release|Any CPU
		{19A82130-DA7C-4688-8895-3F35A48AF1E1}.Debug|Any CPU.ActiveCfg = Debug|Any CPU
		{19A82130-DA7C-4688-8895-3F35A48AF1E1}.Debug|Any CPU.Build.0 = Debug|Any CPU
		{19A82130-DA7C-4688-8895-3F35A48AF1E1}.Release|Any CPU.ActiveCfg = Release|Any CPU
		{19A82130-DA7C-4688-8895-3F35A48AF1E1}.Release|Any CPU.Build.0 = Release|Any CPU
		{73CC9B66-1F09-4F70-9EEB-76945251CC88}.Debug|Any CPU.ActiveCfg = Debug|Any CPU
		{73CC9B66-1F09-4F70-9EEB-76945251CC88}.Debug|Any CPU.Build.0 = Debug|Any CPU
		{73CC9B66-1F09-4F70-9EEB-76945251CC88}.Release|Any CPU.ActiveCfg = Release|Any CPU
		{73CC9B66-1F09-4F70-9EEB-76945251CC88}.Release|Any CPU.Build.0 = Release|Any CPU
		{391E988F-C455-4373-9AC1-5048FF129774}.Debug|Any CPU.ActiveCfg = Debug|Any CPU
		{391E988F-C455-4373-9AC1-5048FF129774}.Debug|Any CPU.Build.0 = Debug|Any CPU
		{391E988F-C455-4373-9AC1-5048FF129774}.Release|Any CPU.ActiveCfg = Release|Any CPU
		{391E988F-C455-4373-9AC1-5048FF129774}.Release|Any CPU.Build.0 = Release|Any CPU
		{8E5E491E-DE3F-4B6E-BC08-D1502E529F4D}.Debug|Any CPU.ActiveCfg = Debug|Any CPU
		{8E5E491E-DE3F-4B6E-BC08-D1502E529F4D}.Debug|Any CPU.Build.0 = Debug|Any CPU
		{8E5E491E-DE3F-4B6E-BC08-D1502E529F4D}.Release|Any CPU.ActiveCfg = Release|Any CPU
		{8E5E491E-DE3F-4B6E-BC08-D1502E529F4D}.Release|Any CPU.Build.0 = Release|Any CPU
		{72965DB6-5688-4643-8ADA-3ECA78BC6988}.Debug|Any CPU.ActiveCfg = Debug|Any CPU
		{72965DB6-5688-4643-8ADA-3ECA78BC6988}.Debug|Any CPU.Build.0 = Debug|Any CPU
		{72965DB6-5688-4643-8ADA-3ECA78BC6988}.Release|Any CPU.ActiveCfg = Release|Any CPU
		{72965DB6-5688-4643-8ADA-3ECA78BC6988}.Release|Any CPU.Build.0 = Release|Any CPU
		{29254870-8CAC-4798-8CCB-8DAB46A5F4E4}.Debug|Any CPU.ActiveCfg = Debug|Any CPU
		{29254870-8CAC-4798-8CCB-8DAB46A5F4E4}.Debug|Any CPU.Build.0 = Debug|Any CPU
		{29254870-8CAC-4798-8CCB-8DAB46A5F4E4}.Release|Any CPU.ActiveCfg = Release|Any CPU
		{29254870-8CAC-4798-8CCB-8DAB46A5F4E4}.Release|Any CPU.Build.0 = Release|Any CPU
		{CAFAE540-FEF2-4001-BCC2-7B3F9A4C4B88}.Debug|Any CPU.ActiveCfg = Debug|Any CPU
		{CAFAE540-FEF2-4001-BCC2-7B3F9A4C4B88}.Debug|Any CPU.Build.0 = Debug|Any CPU
		{CAFAE540-FEF2-4001-BCC2-7B3F9A4C4B88}.Release|Any CPU.ActiveCfg = Release|Any CPU
		{CAFAE540-FEF2-4001-BCC2-7B3F9A4C4B88}.Release|Any CPU.Build.0 = Release|Any CPU
		{73BE3234-F7AC-4FDD-B3F9-63533E5FAB05}.Debug|Any CPU.ActiveCfg = Debug|Any CPU
		{73BE3234-F7AC-4FDD-B3F9-63533E5FAB05}.Debug|Any CPU.Build.0 = Debug|Any CPU
		{73BE3234-F7AC-4FDD-B3F9-63533E5FAB05}.Release|Any CPU.ActiveCfg = Release|Any CPU
		{73BE3234-F7AC-4FDD-B3F9-63533E5FAB05}.Release|Any CPU.Build.0 = Release|Any CPU
		{C86BAF0D-FA21-4D30-BA75-03DDF97D3B9A}.Debug|Any CPU.ActiveCfg = Debug|Any CPU
		{C86BAF0D-FA21-4D30-BA75-03DDF97D3B9A}.Debug|Any CPU.Build.0 = Debug|Any CPU
		{C86BAF0D-FA21-4D30-BA75-03DDF97D3B9A}.Release|Any CPU.ActiveCfg = Release|Any CPU
		{C86BAF0D-FA21-4D30-BA75-03DDF97D3B9A}.Release|Any CPU.Build.0 = Release|Any CPU
		{6FDEEA1C-53C7-437E-BCF3-6FA64B5A64C6}.Debug|Any CPU.ActiveCfg = Debug|Any CPU
		{6FDEEA1C-53C7-437E-BCF3-6FA64B5A64C6}.Debug|Any CPU.Build.0 = Debug|Any CPU
		{6FDEEA1C-53C7-437E-BCF3-6FA64B5A64C6}.Release|Any CPU.ActiveCfg = Release|Any CPU
		{6FDEEA1C-53C7-437E-BCF3-6FA64B5A64C6}.Release|Any CPU.Build.0 = Release|Any CPU
		{709A7764-2254-43C1-83DB-8B50A941D8FD}.Debug|Any CPU.ActiveCfg = Debug|Any CPU
		{709A7764-2254-43C1-83DB-8B50A941D8FD}.Debug|Any CPU.Build.0 = Debug|Any CPU
		{709A7764-2254-43C1-83DB-8B50A941D8FD}.Release|Any CPU.ActiveCfg = Release|Any CPU
		{709A7764-2254-43C1-83DB-8B50A941D8FD}.Release|Any CPU.Build.0 = Release|Any CPU
		{AF965730-D7B2-4174-B0E7-A3B431EA5532}.Debug|Any CPU.ActiveCfg = Debug|Any CPU
		{AF965730-D7B2-4174-B0E7-A3B431EA5532}.Debug|Any CPU.Build.0 = Debug|Any CPU
		{AF965730-D7B2-4174-B0E7-A3B431EA5532}.Release|Any CPU.ActiveCfg = Release|Any CPU
		{AF965730-D7B2-4174-B0E7-A3B431EA5532}.Release|Any CPU.Build.0 = Release|Any CPU
		{1D3CFC94-D6C9-42FC-AE72-0E129D3BDA52}.Debug|Any CPU.ActiveCfg = Debug|Any CPU
		{1D3CFC94-D6C9-42FC-AE72-0E129D3BDA52}.Debug|Any CPU.Build.0 = Debug|Any CPU
		{1D3CFC94-D6C9-42FC-AE72-0E129D3BDA52}.Release|Any CPU.ActiveCfg = Release|Any CPU
		{1D3CFC94-D6C9-42FC-AE72-0E129D3BDA52}.Release|Any CPU.Build.0 = Release|Any CPU
		{11EACBA2-C510-4728-AE64-DE17A6D609C8}.Debug|Any CPU.ActiveCfg = Debug|Any CPU
		{11EACBA2-C510-4728-AE64-DE17A6D609C8}.Debug|Any CPU.Build.0 = Debug|Any CPU
		{11EACBA2-C510-4728-AE64-DE17A6D609C8}.Release|Any CPU.ActiveCfg = Release|Any CPU
		{11EACBA2-C510-4728-AE64-DE17A6D609C8}.Release|Any CPU.Build.0 = Release|Any CPU
		{80C544C2-E16D-47BC-AABB-6D94235C6D13}.Debug|Any CPU.ActiveCfg = Debug|Any CPU
		{80C544C2-E16D-47BC-AABB-6D94235C6D13}.Debug|Any CPU.Build.0 = Debug|Any CPU
		{80C544C2-E16D-47BC-AABB-6D94235C6D13}.Release|Any CPU.ActiveCfg = Release|Any CPU
		{80C544C2-E16D-47BC-AABB-6D94235C6D13}.Release|Any CPU.Build.0 = Release|Any CPU
		{A4C0E351-F70F-4738-AA07-E46DF0E60374}.Debug|Any CPU.ActiveCfg = Debug|Any CPU
		{A4C0E351-F70F-4738-AA07-E46DF0E60374}.Debug|Any CPU.Build.0 = Debug|Any CPU
		{A4C0E351-F70F-4738-AA07-E46DF0E60374}.Release|Any CPU.ActiveCfg = Release|Any CPU
		{A4C0E351-F70F-4738-AA07-E46DF0E60374}.Release|Any CPU.Build.0 = Release|Any CPU
		{CBCC85C1-68C8-486F-89F9-3480D5FB0E71}.Debug|Any CPU.ActiveCfg = Debug|Any CPU
		{CBCC85C1-68C8-486F-89F9-3480D5FB0E71}.Debug|Any CPU.Build.0 = Debug|Any CPU
		{CBCC85C1-68C8-486F-89F9-3480D5FB0E71}.Release|Any CPU.ActiveCfg = Release|Any CPU
		{CBCC85C1-68C8-486F-89F9-3480D5FB0E71}.Release|Any CPU.Build.0 = Release|Any CPU
		{6CA4953B-8F4E-4EE1-885C-88F43C6FB339}.Debug|Any CPU.ActiveCfg = Debug|Any CPU
		{6CA4953B-8F4E-4EE1-885C-88F43C6FB339}.Debug|Any CPU.Build.0 = Debug|Any CPU
		{6CA4953B-8F4E-4EE1-885C-88F43C6FB339}.Release|Any CPU.ActiveCfg = Release|Any CPU
		{6CA4953B-8F4E-4EE1-885C-88F43C6FB339}.Release|Any CPU.Build.0 = Release|Any CPU
		{D2119845-ECE3-4421-AD12-1C9D1601DEE6}.Debug|Any CPU.ActiveCfg = Debug|Any CPU
		{D2119845-ECE3-4421-AD12-1C9D1601DEE6}.Debug|Any CPU.Build.0 = Debug|Any CPU
		{D2119845-ECE3-4421-AD12-1C9D1601DEE6}.Release|Any CPU.ActiveCfg = Release|Any CPU
		{D2119845-ECE3-4421-AD12-1C9D1601DEE6}.Release|Any CPU.Build.0 = Release|Any CPU
		{7E609F90-971A-4B93-80B2-5255A5F85404}.Debug|Any CPU.ActiveCfg = Debug|Any CPU
		{7E609F90-971A-4B93-80B2-5255A5F85404}.Debug|Any CPU.Build.0 = Debug|Any CPU
		{7E609F90-971A-4B93-80B2-5255A5F85404}.Release|Any CPU.ActiveCfg = Release|Any CPU
		{7E609F90-971A-4B93-80B2-5255A5F85404}.Release|Any CPU.Build.0 = Release|Any CPU
		{B683C213-EE65-4425-AB9A-AE9CDC12E4F6}.Debug|Any CPU.ActiveCfg = Debug|Any CPU
		{B683C213-EE65-4425-AB9A-AE9CDC12E4F6}.Debug|Any CPU.Build.0 = Debug|Any CPU
		{B683C213-EE65-4425-AB9A-AE9CDC12E4F6}.Release|Any CPU.ActiveCfg = Release|Any CPU
		{B683C213-EE65-4425-AB9A-AE9CDC12E4F6}.Release|Any CPU.Build.0 = Release|Any CPU
		{9391BD19-C666-4BB5-8264-58AB71F4DD21}.Debug|Any CPU.ActiveCfg = Debug|Any CPU
		{9391BD19-C666-4BB5-8264-58AB71F4DD21}.Debug|Any CPU.Build.0 = Debug|Any CPU
		{9391BD19-C666-4BB5-8264-58AB71F4DD21}.Release|Any CPU.ActiveCfg = Release|Any CPU
		{9391BD19-C666-4BB5-8264-58AB71F4DD21}.Release|Any CPU.Build.0 = Release|Any CPU
		{192A5FFB-E001-4D61-89FB-EC3EBFC91D4E}.Debug|Any CPU.ActiveCfg = Debug|Any CPU
		{192A5FFB-E001-4D61-89FB-EC3EBFC91D4E}.Debug|Any CPU.Build.0 = Debug|Any CPU
		{192A5FFB-E001-4D61-89FB-EC3EBFC91D4E}.Release|Any CPU.ActiveCfg = Release|Any CPU
		{192A5FFB-E001-4D61-89FB-EC3EBFC91D4E}.Release|Any CPU.Build.0 = Release|Any CPU
		{B113C280-A761-401E-82AB-49BA4B1E38D2}.Debug|Any CPU.ActiveCfg = Debug|Any CPU
		{B113C280-A761-401E-82AB-49BA4B1E38D2}.Debug|Any CPU.Build.0 = Debug|Any CPU
		{B113C280-A761-401E-82AB-49BA4B1E38D2}.Release|Any CPU.ActiveCfg = Release|Any CPU
		{B113C280-A761-401E-82AB-49BA4B1E38D2}.Release|Any CPU.Build.0 = Release|Any CPU
		{6931ABDB-03A2-46E7-919D-A95DC7EABAB5}.Debug|Any CPU.ActiveCfg = Debug|Any CPU
		{6931ABDB-03A2-46E7-919D-A95DC7EABAB5}.Debug|Any CPU.Build.0 = Debug|Any CPU
		{6931ABDB-03A2-46E7-919D-A95DC7EABAB5}.Release|Any CPU.ActiveCfg = Release|Any CPU
		{6931ABDB-03A2-46E7-919D-A95DC7EABAB5}.Release|Any CPU.Build.0 = Release|Any CPU
		{6A92F35D-3D0F-4356-A309-7DAAF54C7C3E}.Debug|Any CPU.ActiveCfg = Debug|Any CPU
		{6A92F35D-3D0F-4356-A309-7DAAF54C7C3E}.Debug|Any CPU.Build.0 = Debug|Any CPU
		{6A92F35D-3D0F-4356-A309-7DAAF54C7C3E}.Release|Any CPU.ActiveCfg = Release|Any CPU
		{6A92F35D-3D0F-4356-A309-7DAAF54C7C3E}.Release|Any CPU.Build.0 = Release|Any CPU
		{26C1D61B-F746-4D2B-BDAF-72E8A6A315FC}.Debug|Any CPU.ActiveCfg = Debug|Any CPU
		{26C1D61B-F746-4D2B-BDAF-72E8A6A315FC}.Debug|Any CPU.Build.0 = Debug|Any CPU
		{26C1D61B-F746-4D2B-BDAF-72E8A6A315FC}.Release|Any CPU.ActiveCfg = Release|Any CPU
		{26C1D61B-F746-4D2B-BDAF-72E8A6A315FC}.Release|Any CPU.Build.0 = Release|Any CPU
		{9AF3C6CE-07C1-4014-91CC-3EB085EB1593}.Debug|Any CPU.ActiveCfg = Debug|Any CPU
		{9AF3C6CE-07C1-4014-91CC-3EB085EB1593}.Debug|Any CPU.Build.0 = Debug|Any CPU
		{9AF3C6CE-07C1-4014-91CC-3EB085EB1593}.Release|Any CPU.ActiveCfg = Release|Any CPU
		{9AF3C6CE-07C1-4014-91CC-3EB085EB1593}.Release|Any CPU.Build.0 = Release|Any CPU
		{6835493E-F8D1-47F7-985D-DA2D5C40EC9C}.Debug|Any CPU.ActiveCfg = Debug|Any CPU
		{6835493E-F8D1-47F7-985D-DA2D5C40EC9C}.Debug|Any CPU.Build.0 = Debug|Any CPU
		{6835493E-F8D1-47F7-985D-DA2D5C40EC9C}.Release|Any CPU.ActiveCfg = Release|Any CPU
		{6835493E-F8D1-47F7-985D-DA2D5C40EC9C}.Release|Any CPU.Build.0 = Release|Any CPU
	EndGlobalSection
	GlobalSection(SolutionProperties) = preSolution
		HideSolutionNode = FALSE
	EndGlobalSection
	GlobalSection(NestedProjects) = preSolution
		{18B18911-A973-43C6-9F53-DEEA49D26297} = {AE702ACC-78F9-4BFC-8B83-63EBB6FFB73D}
		{53B14804-2A12-46E5-B9FA-9B63D040FF2C} = {AE702ACC-78F9-4BFC-8B83-63EBB6FFB73D}
		{7E6FA043-C91C-4546-ADF1-EC207329BEDE} = {AE702ACC-78F9-4BFC-8B83-63EBB6FFB73D}
		{EB57E515-AFEA-4AEB-8D26-89AB7685BE72} = {AE702ACC-78F9-4BFC-8B83-63EBB6FFB73D}
		{AE702ACC-78F9-4BFC-8B83-63EBB6FFB73D} = {F3EB6686-FD78-4420-B697-9AE64AFB890F}
		{CA66080A-402C-4012-9007-7F1EF1AE2C02} = {F3EB6686-FD78-4420-B697-9AE64AFB890F}
		{072BC0EC-7786-4E71-A344-DACA6F0BEFF0} = {53B14804-2A12-46E5-B9FA-9B63D040FF2C}
		{49EACEAA-4D6B-4537-950A-B902D15E0C7E} = {8338457D-8EA5-49FD-8C4C-C0271CCAF8C0}
		{9559A4A8-5060-4C31-99BC-453E30B506DA} = {18B18911-A973-43C6-9F53-DEEA49D26297}
		{B51A4324-796E-4FC5-86E7-18DEF9011CB6} = {AE702ACC-78F9-4BFC-8B83-63EBB6FFB73D}
		{C1C7C56E-18AA-41C2-8051-9FE696F8A3BF} = {4AA31B92-A13A-47AA-8C61-C741397D5888}
		{98125B59-ACB0-44CA-A126-CFBB9A2F7A2E} = {5AC7A2A4-80A8-4A92-8F35-722FF985D73F}
		{9680EDEF-352C-4AB0-AF9F-D96FC69D53B3} = {EB57E515-AFEA-4AEB-8D26-89AB7685BE72}
		{69D9EC6A-DE20-466E-BB13-1DDF9A8C395B} = {EB57E515-AFEA-4AEB-8D26-89AB7685BE72}
		{E15AC53D-E008-4217-96BD-76D47B62F56A} = {CA66080A-402C-4012-9007-7F1EF1AE2C02}
		{83C8F4E6-623B-4B88-9BDB-B33F18C15157} = {CA66080A-402C-4012-9007-7F1EF1AE2C02}
		{563B1F9A-E5ED-4216-BAE1-A44738DACA65} = {F3EB6686-FD78-4420-B697-9AE64AFB890F}
		{DE3C64E0-DDCC-4649-BAE7-7E3A0FFD2C00} = {563B1F9A-E5ED-4216-BAE1-A44738DACA65}
		{4AA3E63B-7FE4-4FD2-AD20-066E428BF8F7} = {CA66080A-402C-4012-9007-7F1EF1AE2C02}
		{7D4A8187-B432-45EA-A841-C53897842CE0} = {AE702ACC-78F9-4BFC-8B83-63EBB6FFB73D}
		{CCF59BB2-CE3B-4651-B51F-2DB83F2314B7} = {7D4A8187-B432-45EA-A841-C53897842CE0}
		{B8E83346-C8A8-497B-8CA5-187858607184} = {7D4A8187-B432-45EA-A841-C53897842CE0}
		{BA06E476-B9E0-478A-91A4-9B99E019183E} = {CA66080A-402C-4012-9007-7F1EF1AE2C02}
		{7FA67315-3CDA-43AD-B844-6871916310E2} = {2A3034E1-E6D6-478E-8DD1-FBCED7E915D1}
		{E8F5210D-AC3C-481D-B018-51193DBAEFF5} = {18B18911-A973-43C6-9F53-DEEA49D26297}
		{659A8269-14B2-4215-87C2-3A7B8DB4C158} = {7E6FA043-C91C-4546-ADF1-EC207329BEDE}
		{2D0512C2-DB02-4613-BD52-699A20D23DC9} = {CA66080A-402C-4012-9007-7F1EF1AE2C02}
		{43E08E22-C9CB-471C-90D7-1FDAB177823A} = {18B18911-A973-43C6-9F53-DEEA49D26297}
		{9111B9F4-2F57-43F1-A596-D24D7C3CD816} = {18B18911-A973-43C6-9F53-DEEA49D26297}
		{ADF84F65-0A03-4A1D-953D-787EBBDB4A88} = {5AC7A2A4-80A8-4A92-8F35-722FF985D73F}
		{19A82130-DA7C-4688-8895-3F35A48AF1E1} = {BB519BDD-3620-4C93-B1BD-E091FD9FA32C}
		{4AA31B92-A13A-47AA-8C61-C741397D5888} = {EC1E3588-23EA-46DF-A6E5-75E56C9D5E9A}
		{73CC9B66-1F09-4F70-9EEB-76945251CC88} = {4AA31B92-A13A-47AA-8C61-C741397D5888}
		{391E988F-C455-4373-9AC1-5048FF129774} = {993AC7DB-60D6-477A-BA0F-C2E50EDAA774}
		{74D9D1EA-08D1-4318-8266-253432E663F1} = {98125B59-ACB0-44CA-A126-CFBB9A2F7A2E}
		{8E5E491E-DE3F-4B6E-BC08-D1502E529F4D} = {74D9D1EA-08D1-4318-8266-253432E663F1}
		{84BE1580-9563-4EC8-9333-ADB2DBD30946} = {98125B59-ACB0-44CA-A126-CFBB9A2F7A2E}
		{72965DB6-5688-4643-8ADA-3ECA78BC6988} = {84BE1580-9563-4EC8-9333-ADB2DBD30946}
		{7C38CF73-84E3-4DB3-BC74-D125AF52F9D9} = {EC1E3588-23EA-46DF-A6E5-75E56C9D5E9A}
		{29254870-8CAC-4798-8CCB-8DAB46A5F4E4} = {7C38CF73-84E3-4DB3-BC74-D125AF52F9D9}
		{CAFAE540-FEF2-4001-BCC2-7B3F9A4C4B88} = {74D9D1EA-08D1-4318-8266-253432E663F1}
		{73BE3234-F7AC-4FDD-B3F9-63533E5FAB05} = {DABC49AB-72A1-454E-BE2D-2F3F0A4B8997}
		{6E324DA6-A2BE-4A49-8DA9-E79B7259AFB9} = {98125B59-ACB0-44CA-A126-CFBB9A2F7A2E}
		{C86BAF0D-FA21-4D30-BA75-03DDF97D3B9A} = {6E324DA6-A2BE-4A49-8DA9-E79B7259AFB9}
		{6FDEEA1C-53C7-437E-BCF3-6FA64B5A64C6} = {6E324DA6-A2BE-4A49-8DA9-E79B7259AFB9}
		{709A7764-2254-43C1-83DB-8B50A941D8FD} = {24256BC9-E23A-4B0A-8EAB-EE7DA7A6AFF0}
		{AF965730-D7B2-4174-B0E7-A3B431EA5532} = {18B18911-A973-43C6-9F53-DEEA49D26297}
		{1D3CFC94-D6C9-42FC-AE72-0E129D3BDA52} = {B51A4324-796E-4FC5-86E7-18DEF9011CB6}
		{11EACBA2-C510-4728-AE64-DE17A6D609C8} = {B51A4324-796E-4FC5-86E7-18DEF9011CB6}
		{508403FE-FCC9-4EA2-B4DA-872ACD74A92B} = {98125B59-ACB0-44CA-A126-CFBB9A2F7A2E}
		{80C544C2-E16D-47BC-AABB-6D94235C6D13} = {508403FE-FCC9-4EA2-B4DA-872ACD74A92B}
		{A4C0E351-F70F-4738-AA07-E46DF0E60374} = {F30BA3E2-9D0A-4A1E-A6FF-BD51B4984B96}
		{CBCC85C1-68C8-486F-89F9-3480D5FB0E71} = {84BE1580-9563-4EC8-9333-ADB2DBD30946}
		{6CA4953B-8F4E-4EE1-885C-88F43C6FB339} = {84BE1580-9563-4EC8-9333-ADB2DBD30946}
		{2A3034E1-E6D6-478E-8DD1-FBCED7E915D1} = {7E6FA043-C91C-4546-ADF1-EC207329BEDE}
		{D2119845-ECE3-4421-AD12-1C9D1601DEE6} = {2A3034E1-E6D6-478E-8DD1-FBCED7E915D1}
		{7E609F90-971A-4B93-80B2-5255A5F85404} = {8338457D-8EA5-49FD-8C4C-C0271CCAF8C0}
		{F30BA3E2-9D0A-4A1E-A6FF-BD51B4984B96} = {98125B59-ACB0-44CA-A126-CFBB9A2F7A2E}
		{B683C213-EE65-4425-AB9A-AE9CDC12E4F6} = {6E324DA6-A2BE-4A49-8DA9-E79B7259AFB9}
		{9391BD19-C666-4BB5-8264-58AB71F4DD21} = {DABC49AB-72A1-454E-BE2D-2F3F0A4B8997}
		{192A5FFB-E001-4D61-89FB-EC3EBFC91D4E} = {24256BC9-E23A-4B0A-8EAB-EE7DA7A6AFF0}
		{B113C280-A761-401E-82AB-49BA4B1E38D2} = {2A3034E1-E6D6-478E-8DD1-FBCED7E915D1}
		{8338457D-8EA5-49FD-8C4C-C0271CCAF8C0} = {53B14804-2A12-46E5-B9FA-9B63D040FF2C}
		{6931ABDB-03A2-46E7-919D-A95DC7EABAB5} = {8338457D-8EA5-49FD-8C4C-C0271CCAF8C0}
		{6A92F35D-3D0F-4356-A309-7DAAF54C7C3E} = {18B18911-A973-43C6-9F53-DEEA49D26297}
		{DABC49AB-72A1-454E-BE2D-2F3F0A4B8997} = {7E6FA043-C91C-4546-ADF1-EC207329BEDE}
		{24256BC9-E23A-4B0A-8EAB-EE7DA7A6AFF0} = {53B14804-2A12-46E5-B9FA-9B63D040FF2C}
		{9C3397BA-4358-4810-B5D1-3293D3D7488C} = {6583D9CA-1616-45CE-A8EC-60234035D269}
		{BB519BDD-3620-4C93-B1BD-E091FD9FA32C} = {ADF84F65-0A03-4A1D-953D-787EBBDB4A88}
		{2951F7E8-684B-46DC-9CEB-FE2AB115018D} = {ADF84F65-0A03-4A1D-953D-787EBBDB4A88}
		{26C1D61B-F746-4D2B-BDAF-72E8A6A315FC} = {ADF84F65-0A03-4A1D-953D-787EBBDB4A88}
		{9AF3C6CE-07C1-4014-91CC-3EB085EB1593} = {18B18911-A973-43C6-9F53-DEEA49D26297}
		{6835493E-F8D1-47F7-985D-DA2D5C40EC9C} = {7E6FA043-C91C-4546-ADF1-EC207329BEDE}
	EndGlobalSection
	GlobalSection(ExtensibilityGlobals) = postSolution
		EnterpriseLibraryConfigurationToolBinariesPath = packages\Unity.2.1.505.0\lib\NET35
	EndGlobalSection
EndGlobal
