
Microsoft Visual Studio Solution File, Format Version 12.00
# Visual Studio 14
VisualStudioVersion = 14.0.25123.0
MinimumVisualStudioVersion = 10.0.40219.1
Project("{2150E333-8FDC-42A3-9474-1A3956D46DE8}") = "Source", "Source", "{7C87293C-A740-4B98-8E67-D67203543986}"
EndProject
Project("{2150E333-8FDC-42A3-9474-1A3956D46DE8}") = "Tests", "Tests", "{B01354B6-6313-460C-A503-5269DED20FA1}"
EndProject
Project("{2150E333-8FDC-42A3-9474-1A3956D46DE8}") = "Dependencies", "Dependencies", "{DB5C597D-D753-4750-873B-BE292A981AB6}"
EndProject
Project("{00D1A9C2-B5F0-4AF3-8072-F6C62B433612}") = "CLog.Database.SqlServer", "Server\Dependencies\CLog.Database.SqlServer\CLog.Database.SqlServer.sqlproj", "{DE3C64E0-DDCC-4649-BAE7-7E3A0FFD2C00}"
EndProject
Project("{2150E333-8FDC-42A3-9474-1A3956D46DE8}") = "Business Layer", "Business Layer", "{81CFE366-CD5E-4E1F-B0C2-C0B8FB50C4A3}"
EndProject
Project("{2150E333-8FDC-42A3-9474-1A3956D46DE8}") = "Data Access Layer", "Data Access Layer", "{CAA84226-201D-4635-B752-0EC959640F11}"
EndProject
Project("{2150E333-8FDC-42A3-9474-1A3956D46DE8}") = "Framework", "Framework", "{2AE9329E-C54E-4288-A122-CF419211F858}"
EndProject
Project("{2150E333-8FDC-42A3-9474-1A3956D46DE8}") = "Hosting", "Hosting", "{EC6BC4DA-673E-41FF-84ED-58707D3321D6}"
EndProject
Project("{2150E333-8FDC-42A3-9474-1A3956D46DE8}") = "Infrastructure Layer", "Infrastructure Layer", "{33D62C1D-00C9-4494-A30F-2188AD4D97ED}"
EndProject
Project("{2150E333-8FDC-42A3-9474-1A3956D46DE8}") = "Service Layer", "Service Layer", "{D2F1B019-B003-4F4D-8054-53CD215385EB}"
EndProject
Project("{FAE04EC0-301F-11D3-BF4B-00C04F79EFBC}") = "CLog.Models", "Server\Source\CLog.Models\CLog.Models.csproj", "{072BC0EC-7786-4E71-A344-DACA6F0BEFF0}"
EndProject
Project("{2150E333-8FDC-42A3-9474-1A3956D46DE8}") = "Contracts", "Contracts", "{002A7F3B-438B-4DA2-A348-E3E99AEA4ACC}"
EndProject
Project("{FAE04EC0-301F-11D3-BF4B-00C04F79EFBC}") = "CLog.Business.Contracts", "Server\Source\CLog.Business.Contracts\CLog.Business.Contracts.csproj", "{709A7764-2254-43C1-83DB-8B50A941D8FD}"
EndProject
Project("{FAE04EC0-301F-11D3-BF4B-00C04F79EFBC}") = "CLog.Business.Security.Contracts", "Server\Source\CLog.Business.Security.Contracts\CLog.Business.Security.Contracts.csproj", "{192A5FFB-E001-4D61-89FB-EC3EBFC91D4E}"
EndProject
Project("{2150E333-8FDC-42A3-9474-1A3956D46DE8}") = "Implementations", "Implementations", "{27B04AE9-691B-4196-BD61-4EC6A5D07046}"
EndProject
Project("{FAE04EC0-301F-11D3-BF4B-00C04F79EFBC}") = "CLog.Business.Access", "Server\Source\CLog.Business.Access\CLog.Business.Access.csproj", "{49EACEAA-4D6B-4537-950A-B902D15E0C7E}"
EndProject
Project("{FAE04EC0-301F-11D3-BF4B-00C04F79EFBC}") = "CLog.Business.Timesheets", "Server\Source\CLog.Business.Timesheets\CLog.Business.Timesheets.csproj", "{6931ABDB-03A2-46E7-919D-A95DC7EABAB5}"
EndProject
Project("{FAE04EC0-301F-11D3-BF4B-00C04F79EFBC}") = "CLog.Business.Users", "Server\Source\CLog.Business.Users\CLog.Business.Users.csproj", "{7E609F90-971A-4B93-80B2-5255A5F85404}"
EndProject
Project("{FAE04EC0-301F-11D3-BF4B-00C04F79EFBC}") = "CLog.DataAccess", "Server\Source\CLog.DataAccess\CLog.DataAccess.csproj", "{9680EDEF-352C-4AB0-AF9F-D96FC69D53B3}"
EndProject
Project("{FAE04EC0-301F-11D3-BF4B-00C04F79EFBC}") = "CLog.DataAccess.Contracts", "Server\Source\CLog.DataAccess.Contracts\CLog.DataAccess.Contracts.csproj", "{69D9EC6A-DE20-466E-BB13-1DDF9A8C395B}"
EndProject
Project("{FAE04EC0-301F-11D3-BF4B-00C04F79EFBC}") = "CLog.Framework.Business", "Server\Source\CLog.Framework.Business\CLog.Framework.Business.csproj", "{9559A4A8-5060-4C31-99BC-453E30B506DA}"
EndProject
Project("{FAE04EC0-301F-11D3-BF4B-00C04F79EFBC}") = "CLog.Framework.Models", "Server\Source\CLog.Framework.Models\CLog.Framework.Models.csproj", "{AF965730-D7B2-4174-B0E7-A3B431EA5532}"
EndProject
Project("{FAE04EC0-301F-11D3-BF4B-00C04F79EFBC}") = "CLog.Framework.Security", "Server\Source\CLog.Framework.Security\CLog.Framework.Security.csproj", "{6A92F35D-3D0F-4356-A309-7DAAF54C7C3E}"
EndProject
Project("{FAE04EC0-301F-11D3-BF4B-00C04F79EFBC}") = "CLog.Framework.ServiceClients", "Server\Source\CLog.Framework.ServiceClients\CLog.Framework.ServiceClients.csproj", "{9111B9F4-2F57-43F1-A596-D24D7C3CD816}"
EndProject
Project("{FAE04EC0-301F-11D3-BF4B-00C04F79EFBC}") = "CLog.Framework.Services", "Server\Source\CLog.Framework.Services\CLog.Framework.Services.csproj", "{E8F5210D-AC3C-481D-B018-51193DBAEFF5}"
EndProject
Project("{FAE04EC0-301F-11D3-BF4B-00C04F79EFBC}") = "CLog.Framework.Services.Models", "Server\Source\CLog.Framework.Services.Models\CLog.Framework.Services.Models.csproj", "{43E08E22-C9CB-471C-90D7-1FDAB177823A}"
EndProject
Project("{FAE04EC0-301F-11D3-BF4B-00C04F79EFBC}") = "ChronoLog.Host", "Server\Source\ChronoLog.Host\ChronoLog.Host.csproj", "{1D3CFC94-D6C9-42FC-AE72-0E129D3BDA52}"
EndProject
Project("{FAE04EC0-301F-11D3-BF4B-00C04F79EFBC}") = "ChronoLog.Host.Configuration", "Server\Source\ChronoLog.Host.Configuration\ChronoLog.Host.Configuration.csproj", "{11EACBA2-C510-4728-AE64-DE17A6D609C8}"
EndProject
Project("{FAE04EC0-301F-11D3-BF4B-00C04F79EFBC}") = "CLog.Infrastructure", "Server\Source\CLog.Infrastructure\CLog.Infrastructure.csproj", "{B8E83346-C8A8-497B-8CA5-187858607184}"
EndProject
Project("{FAE04EC0-301F-11D3-BF4B-00C04F79EFBC}") = "CLog.Infrastructure.Contracts", "Server\Source\CLog.Infrastructure.Contracts\CLog.Infrastructure.Contracts.csproj", "{CCF59BB2-CE3B-4651-B51F-2DB83F2314B7}"
EndProject
Project("{2150E333-8FDC-42A3-9474-1A3956D46DE8}") = "Contracts", "Contracts", "{6EF4E265-56C8-4F60-BDE4-A22F284D719C}"
EndProject
Project("{FAE04EC0-301F-11D3-BF4B-00C04F79EFBC}") = "CLog.Services.Security.Contracts", "Server\Source\CLog.Services.Security.Contracts\CLog.Services.Security.Contracts.csproj", "{9391BD19-C666-4BB5-8264-58AB71F4DD21}"
EndProject
Project("{FAE04EC0-301F-11D3-BF4B-00C04F79EFBC}") = "CLog.Services.Contracts", "Server\Source\CLog.Services.Contracts\CLog.Services.Contracts.csproj", "{73BE3234-F7AC-4FDD-B3F9-63533E5FAB05}"
EndProject
Project("{2150E333-8FDC-42A3-9474-1A3956D46DE8}") = "Implementations", "Implementations", "{53E27691-1E04-43A5-8746-656F5D55E19C}"
EndProject
Project("{FAE04EC0-301F-11D3-BF4B-00C04F79EFBC}") = "CLog.Services.Access", "Server\Source\CLog.Services.Access\CLog.Services.Access.csproj", "{7FA67315-3CDA-43AD-B844-6871916310E2}"
EndProject
Project("{FAE04EC0-301F-11D3-BF4B-00C04F79EFBC}") = "CLog.Services.Timesheets", "Server\Source\CLog.Services.Timesheets\CLog.Services.Timesheets.csproj", "{B113C280-A761-401E-82AB-49BA4B1E38D2}"
EndProject
Project("{FAE04EC0-301F-11D3-BF4B-00C04F79EFBC}") = "CLog.Services.Users", "Server\Source\CLog.Services.Users\CLog.Services.Users.csproj", "{D2119845-ECE3-4421-AD12-1C9D1601DEE6}"
EndProject
Project("{FAE04EC0-301F-11D3-BF4B-00C04F79EFBC}") = "CLog.Services.Models", "Server\Source\CLog.Services.Models\CLog.Services.Models.csproj", "{659A8269-14B2-4215-87C2-3A7B8DB4C158}"
EndProject
Project("{FAE04EC0-301F-11D3-BF4B-00C04F79EFBC}") = "CLog.Business.Tests", "Server\Tests\CLog.Business.Tests\CLog.Business.Tests.csproj", "{E15AC53D-E008-4217-96BD-76D47B62F56A}"
EndProject
Project("{FAE04EC0-301F-11D3-BF4B-00C04F79EFBC}") = "CLog.DataAccess.Tests", "Server\Tests\CLog.DataAccess.Tests\CLog.DataAccess.Tests.csproj", "{83C8F4E6-623B-4B88-9BDB-B33F18C15157}"
EndProject
Project("{FAE04EC0-301F-11D3-BF4B-00C04F79EFBC}") = "CLog.Infrastructure.Tests", "Server\Tests\CLog.Infrastructure.Tests\CLog.Infrastructure.Tests.csproj", "{BA06E476-B9E0-478A-91A4-9B99E019183E}"
EndProject
Project("{FAE04EC0-301F-11D3-BF4B-00C04F79EFBC}") = "CLog.Models.Mocks", "Server\Tests\CLog.Models.Mocks\CLog.Models.Mocks.csproj", "{4AA3E63B-7FE4-4FD2-AD20-066E428BF8F7}"
EndProject
Project("{FAE04EC0-301F-11D3-BF4B-00C04F79EFBC}") = "CLog.Services.Tests", "Server\Tests\CLog.Services.Tests\CLog.Services.Tests.csproj", "{2D0512C2-DB02-4613-BD52-699A20D23DC9}"
EndProject
Project("{FAE04EC0-301F-11D3-BF4B-00C04F79EFBC}") = "CLog.Framework.Services.Wcf", "Server\Source\CLog.Framework.Services.Wcf\CLog.Framework.Services.Wcf.csproj", "{9AF3C6CE-07C1-4014-91CC-3EB085EB1593}"
EndProject
Project("{FAE04EC0-301F-11D3-BF4B-00C04F79EFBC}") = "CLog.Services.Common", "Server\Source\CLog.Services.Common\CLog.Services.Common.csproj", "{6835493E-F8D1-47F7-985D-DA2D5C40EC9C}"
EndProject
Project("{FAE04EC0-301F-11D3-BF4B-00C04F79EFBC}") = "CLog.Common", "Common\CLog.Common\CLog.Common.csproj", "{C1C7C56E-18AA-41C2-8051-9FE696F8A3BF}"
EndProject
Project("{FAE04EC0-301F-11D3-BF4B-00C04F79EFBC}") = "CLog.Common.Log4NetLogger", "Common\CLog.Common.Log4NetLogger\CLog.Common.Log4NetLogger.csproj", "{73CC9B66-1F09-4F70-9EEB-76945251CC88}"
EndProject
Project("{FAE04EC0-301F-11D3-BF4B-00C04F79EFBC}") = "CLog.Framework.Configuration", "Common\CLog.Framework.Configuration\CLog.Framework.Configuration.csproj", "{29254870-8CAC-4798-8CCB-8DAB46A5F4E4}"
EndProject
Global
	GlobalSection(SolutionConfigurationPlatforms) = preSolution
		Debug|Any CPU = Debug|Any CPU
		Release|Any CPU = Release|Any CPU
	EndGlobalSection
	GlobalSection(ProjectConfigurationPlatforms) = postSolution
		{DE3C64E0-DDCC-4649-BAE7-7E3A0FFD2C00}.Debug|Any CPU.ActiveCfg = Debug|Any CPU
		{DE3C64E0-DDCC-4649-BAE7-7E3A0FFD2C00}.Debug|Any CPU.Build.0 = Debug|Any CPU
		{DE3C64E0-DDCC-4649-BAE7-7E3A0FFD2C00}.Debug|Any CPU.Deploy.0 = Debug|Any CPU
		{DE3C64E0-DDCC-4649-BAE7-7E3A0FFD2C00}.Release|Any CPU.ActiveCfg = Release|Any CPU
		{DE3C64E0-DDCC-4649-BAE7-7E3A0FFD2C00}.Release|Any CPU.Build.0 = Release|Any CPU
		{DE3C64E0-DDCC-4649-BAE7-7E3A0FFD2C00}.Release|Any CPU.Deploy.0 = Release|Any CPU
		{072BC0EC-7786-4E71-A344-DACA6F0BEFF0}.Debug|Any CPU.ActiveCfg = Debug|Any CPU
		{072BC0EC-7786-4E71-A344-DACA6F0BEFF0}.Debug|Any CPU.Build.0 = Debug|Any CPU
		{072BC0EC-7786-4E71-A344-DACA6F0BEFF0}.Release|Any CPU.ActiveCfg = Release|Any CPU
		{072BC0EC-7786-4E71-A344-DACA6F0BEFF0}.Release|Any CPU.Build.0 = Release|Any CPU
		{709A7764-2254-43C1-83DB-8B50A941D8FD}.Debug|Any CPU.ActiveCfg = Debug|Any CPU
		{709A7764-2254-43C1-83DB-8B50A941D8FD}.Debug|Any CPU.Build.0 = Debug|Any CPU
		{709A7764-2254-43C1-83DB-8B50A941D8FD}.Release|Any CPU.ActiveCfg = Release|Any CPU
		{709A7764-2254-43C1-83DB-8B50A941D8FD}.Release|Any CPU.Build.0 = Release|Any CPU
		{192A5FFB-E001-4D61-89FB-EC3EBFC91D4E}.Debug|Any CPU.ActiveCfg = Debug|Any CPU
		{192A5FFB-E001-4D61-89FB-EC3EBFC91D4E}.Debug|Any CPU.Build.0 = Debug|Any CPU
		{192A5FFB-E001-4D61-89FB-EC3EBFC91D4E}.Release|Any CPU.ActiveCfg = Release|Any CPU
		{192A5FFB-E001-4D61-89FB-EC3EBFC91D4E}.Release|Any CPU.Build.0 = Release|Any CPU
		{49EACEAA-4D6B-4537-950A-B902D15E0C7E}.Debug|Any CPU.ActiveCfg = Debug|Any CPU
		{49EACEAA-4D6B-4537-950A-B902D15E0C7E}.Debug|Any CPU.Build.0 = Debug|Any CPU
		{49EACEAA-4D6B-4537-950A-B902D15E0C7E}.Release|Any CPU.ActiveCfg = Release|Any CPU
		{49EACEAA-4D6B-4537-950A-B902D15E0C7E}.Release|Any CPU.Build.0 = Release|Any CPU
		{6931ABDB-03A2-46E7-919D-A95DC7EABAB5}.Debug|Any CPU.ActiveCfg = Debug|Any CPU
		{6931ABDB-03A2-46E7-919D-A95DC7EABAB5}.Debug|Any CPU.Build.0 = Debug|Any CPU
		{6931ABDB-03A2-46E7-919D-A95DC7EABAB5}.Release|Any CPU.ActiveCfg = Release|Any CPU
		{6931ABDB-03A2-46E7-919D-A95DC7EABAB5}.Release|Any CPU.Build.0 = Release|Any CPU
		{7E609F90-971A-4B93-80B2-5255A5F85404}.Debug|Any CPU.ActiveCfg = Debug|Any CPU
		{7E609F90-971A-4B93-80B2-5255A5F85404}.Debug|Any CPU.Build.0 = Debug|Any CPU
		{7E609F90-971A-4B93-80B2-5255A5F85404}.Release|Any CPU.ActiveCfg = Release|Any CPU
		{7E609F90-971A-4B93-80B2-5255A5F85404}.Release|Any CPU.Build.0 = Release|Any CPU
		{9680EDEF-352C-4AB0-AF9F-D96FC69D53B3}.Debug|Any CPU.ActiveCfg = Debug|Any CPU
		{9680EDEF-352C-4AB0-AF9F-D96FC69D53B3}.Debug|Any CPU.Build.0 = Debug|Any CPU
		{9680EDEF-352C-4AB0-AF9F-D96FC69D53B3}.Release|Any CPU.ActiveCfg = Release|Any CPU
		{9680EDEF-352C-4AB0-AF9F-D96FC69D53B3}.Release|Any CPU.Build.0 = Release|Any CPU
		{69D9EC6A-DE20-466E-BB13-1DDF9A8C395B}.Debug|Any CPU.ActiveCfg = Debug|Any CPU
		{69D9EC6A-DE20-466E-BB13-1DDF9A8C395B}.Debug|Any CPU.Build.0 = Debug|Any CPU
		{69D9EC6A-DE20-466E-BB13-1DDF9A8C395B}.Release|Any CPU.ActiveCfg = Release|Any CPU
		{69D9EC6A-DE20-466E-BB13-1DDF9A8C395B}.Release|Any CPU.Build.0 = Release|Any CPU
		{9559A4A8-5060-4C31-99BC-453E30B506DA}.Debug|Any CPU.ActiveCfg = Debug|Any CPU
		{9559A4A8-5060-4C31-99BC-453E30B506DA}.Debug|Any CPU.Build.0 = Debug|Any CPU
		{9559A4A8-5060-4C31-99BC-453E30B506DA}.Release|Any CPU.ActiveCfg = Release|Any CPU
		{9559A4A8-5060-4C31-99BC-453E30B506DA}.Release|Any CPU.Build.0 = Release|Any CPU
		{AF965730-D7B2-4174-B0E7-A3B431EA5532}.Debug|Any CPU.ActiveCfg = Debug|Any CPU
		{AF965730-D7B2-4174-B0E7-A3B431EA5532}.Debug|Any CPU.Build.0 = Debug|Any CPU
		{AF965730-D7B2-4174-B0E7-A3B431EA5532}.Release|Any CPU.ActiveCfg = Release|Any CPU
		{AF965730-D7B2-4174-B0E7-A3B431EA5532}.Release|Any CPU.Build.0 = Release|Any CPU
		{6A92F35D-3D0F-4356-A309-7DAAF54C7C3E}.Debug|Any CPU.ActiveCfg = Debug|Any CPU
		{6A92F35D-3D0F-4356-A309-7DAAF54C7C3E}.Debug|Any CPU.Build.0 = Debug|Any CPU
		{6A92F35D-3D0F-4356-A309-7DAAF54C7C3E}.Release|Any CPU.ActiveCfg = Release|Any CPU
		{6A92F35D-3D0F-4356-A309-7DAAF54C7C3E}.Release|Any CPU.Build.0 = Release|Any CPU
		{9111B9F4-2F57-43F1-A596-D24D7C3CD816}.Debug|Any CPU.ActiveCfg = Debug|Any CPU
		{9111B9F4-2F57-43F1-A596-D24D7C3CD816}.Debug|Any CPU.Build.0 = Debug|Any CPU
		{9111B9F4-2F57-43F1-A596-D24D7C3CD816}.Release|Any CPU.ActiveCfg = Release|Any CPU
		{9111B9F4-2F57-43F1-A596-D24D7C3CD816}.Release|Any CPU.Build.0 = Release|Any CPU
		{E8F5210D-AC3C-481D-B018-51193DBAEFF5}.Debug|Any CPU.ActiveCfg = Debug|Any CPU
		{E8F5210D-AC3C-481D-B018-51193DBAEFF5}.Debug|Any CPU.Build.0 = Debug|Any CPU
		{E8F5210D-AC3C-481D-B018-51193DBAEFF5}.Release|Any CPU.ActiveCfg = Release|Any CPU
		{E8F5210D-AC3C-481D-B018-51193DBAEFF5}.Release|Any CPU.Build.0 = Release|Any CPU
		{43E08E22-C9CB-471C-90D7-1FDAB177823A}.Debug|Any CPU.ActiveCfg = Debug|Any CPU
		{43E08E22-C9CB-471C-90D7-1FDAB177823A}.Debug|Any CPU.Build.0 = Debug|Any CPU
		{43E08E22-C9CB-471C-90D7-1FDAB177823A}.Release|Any CPU.ActiveCfg = Release|Any CPU
		{43E08E22-C9CB-471C-90D7-1FDAB177823A}.Release|Any CPU.Build.0 = Release|Any CPU
		{1D3CFC94-D6C9-42FC-AE72-0E129D3BDA52}.Debug|Any CPU.ActiveCfg = Debug|Any CPU
		{1D3CFC94-D6C9-42FC-AE72-0E129D3BDA52}.Debug|Any CPU.Build.0 = Debug|Any CPU
		{1D3CFC94-D6C9-42FC-AE72-0E129D3BDA52}.Release|Any CPU.ActiveCfg = Release|Any CPU
		{1D3CFC94-D6C9-42FC-AE72-0E129D3BDA52}.Release|Any CPU.Build.0 = Release|Any CPU
		{11EACBA2-C510-4728-AE64-DE17A6D609C8}.Debug|Any CPU.ActiveCfg = Debug|Any CPU
		{11EACBA2-C510-4728-AE64-DE17A6D609C8}.Debug|Any CPU.Build.0 = Debug|Any CPU
		{11EACBA2-C510-4728-AE64-DE17A6D609C8}.Release|Any CPU.ActiveCfg = Release|Any CPU
		{11EACBA2-C510-4728-AE64-DE17A6D609C8}.Release|Any CPU.Build.0 = Release|Any CPU
		{B8E83346-C8A8-497B-8CA5-187858607184}.Debug|Any CPU.ActiveCfg = Debug|Any CPU
		{B8E83346-C8A8-497B-8CA5-187858607184}.Debug|Any CPU.Build.0 = Debug|Any CPU
		{B8E83346-C8A8-497B-8CA5-187858607184}.Release|Any CPU.ActiveCfg = Release|Any CPU
		{B8E83346-C8A8-497B-8CA5-187858607184}.Release|Any CPU.Build.0 = Release|Any CPU
		{CCF59BB2-CE3B-4651-B51F-2DB83F2314B7}.Debug|Any CPU.ActiveCfg = Debug|Any CPU
		{CCF59BB2-CE3B-4651-B51F-2DB83F2314B7}.Debug|Any CPU.Build.0 = Debug|Any CPU
		{CCF59BB2-CE3B-4651-B51F-2DB83F2314B7}.Release|Any CPU.ActiveCfg = Release|Any CPU
		{CCF59BB2-CE3B-4651-B51F-2DB83F2314B7}.Release|Any CPU.Build.0 = Release|Any CPU
		{9391BD19-C666-4BB5-8264-58AB71F4DD21}.Debug|Any CPU.ActiveCfg = Debug|Any CPU
		{9391BD19-C666-4BB5-8264-58AB71F4DD21}.Debug|Any CPU.Build.0 = Debug|Any CPU
		{9391BD19-C666-4BB5-8264-58AB71F4DD21}.Release|Any CPU.ActiveCfg = Release|Any CPU
		{9391BD19-C666-4BB5-8264-58AB71F4DD21}.Release|Any CPU.Build.0 = Release|Any CPU
		{73BE3234-F7AC-4FDD-B3F9-63533E5FAB05}.Debug|Any CPU.ActiveCfg = Debug|Any CPU
		{73BE3234-F7AC-4FDD-B3F9-63533E5FAB05}.Debug|Any CPU.Build.0 = Debug|Any CPU
		{73BE3234-F7AC-4FDD-B3F9-63533E5FAB05}.Release|Any CPU.ActiveCfg = Release|Any CPU
		{73BE3234-F7AC-4FDD-B3F9-63533E5FAB05}.Release|Any CPU.Build.0 = Release|Any CPU
		{7FA67315-3CDA-43AD-B844-6871916310E2}.Debug|Any CPU.ActiveCfg = Debug|Any CPU
		{7FA67315-3CDA-43AD-B844-6871916310E2}.Debug|Any CPU.Build.0 = Debug|Any CPU
		{7FA67315-3CDA-43AD-B844-6871916310E2}.Release|Any CPU.ActiveCfg = Release|Any CPU
		{7FA67315-3CDA-43AD-B844-6871916310E2}.Release|Any CPU.Build.0 = Release|Any CPU
		{B113C280-A761-401E-82AB-49BA4B1E38D2}.Debug|Any CPU.ActiveCfg = Debug|Any CPU
		{B113C280-A761-401E-82AB-49BA4B1E38D2}.Debug|Any CPU.Build.0 = Debug|Any CPU
		{B113C280-A761-401E-82AB-49BA4B1E38D2}.Release|Any CPU.ActiveCfg = Release|Any CPU
		{B113C280-A761-401E-82AB-49BA4B1E38D2}.Release|Any CPU.Build.0 = Release|Any CPU
		{D2119845-ECE3-4421-AD12-1C9D1601DEE6}.Debug|Any CPU.ActiveCfg = Debug|Any CPU
		{D2119845-ECE3-4421-AD12-1C9D1601DEE6}.Debug|Any CPU.Build.0 = Debug|Any CPU
		{D2119845-ECE3-4421-AD12-1C9D1601DEE6}.Release|Any CPU.ActiveCfg = Release|Any CPU
		{D2119845-ECE3-4421-AD12-1C9D1601DEE6}.Release|Any CPU.Build.0 = Release|Any CPU
		{659A8269-14B2-4215-87C2-3A7B8DB4C158}.Debug|Any CPU.ActiveCfg = Debug|Any CPU
		{659A8269-14B2-4215-87C2-3A7B8DB4C158}.Debug|Any CPU.Build.0 = Debug|Any CPU
		{659A8269-14B2-4215-87C2-3A7B8DB4C158}.Release|Any CPU.ActiveCfg = Release|Any CPU
		{659A8269-14B2-4215-87C2-3A7B8DB4C158}.Release|Any CPU.Build.0 = Release|Any CPU
		{E15AC53D-E008-4217-96BD-76D47B62F56A}.Debug|Any CPU.ActiveCfg = Debug|Any CPU
		{E15AC53D-E008-4217-96BD-76D47B62F56A}.Debug|Any CPU.Build.0 = Debug|Any CPU
		{E15AC53D-E008-4217-96BD-76D47B62F56A}.Release|Any CPU.ActiveCfg = Release|Any CPU
		{E15AC53D-E008-4217-96BD-76D47B62F56A}.Release|Any CPU.Build.0 = Release|Any CPU
		{83C8F4E6-623B-4B88-9BDB-B33F18C15157}.Debug|Any CPU.ActiveCfg = Debug|Any CPU
		{83C8F4E6-623B-4B88-9BDB-B33F18C15157}.Debug|Any CPU.Build.0 = Debug|Any CPU
		{83C8F4E6-623B-4B88-9BDB-B33F18C15157}.Release|Any CPU.ActiveCfg = Release|Any CPU
		{83C8F4E6-623B-4B88-9BDB-B33F18C15157}.Release|Any CPU.Build.0 = Release|Any CPU
		{BA06E476-B9E0-478A-91A4-9B99E019183E}.Debug|Any CPU.ActiveCfg = Debug|Any CPU
		{BA06E476-B9E0-478A-91A4-9B99E019183E}.Debug|Any CPU.Build.0 = Debug|Any CPU
		{BA06E476-B9E0-478A-91A4-9B99E019183E}.Release|Any CPU.ActiveCfg = Release|Any CPU
		{BA06E476-B9E0-478A-91A4-9B99E019183E}.Release|Any CPU.Build.0 = Release|Any CPU
		{4AA3E63B-7FE4-4FD2-AD20-066E428BF8F7}.Debug|Any CPU.ActiveCfg = Debug|Any CPU
		{4AA3E63B-7FE4-4FD2-AD20-066E428BF8F7}.Debug|Any CPU.Build.0 = Debug|Any CPU
		{4AA3E63B-7FE4-4FD2-AD20-066E428BF8F7}.Release|Any CPU.ActiveCfg = Release|Any CPU
		{4AA3E63B-7FE4-4FD2-AD20-066E428BF8F7}.Release|Any CPU.Build.0 = Release|Any CPU
		{2D0512C2-DB02-4613-BD52-699A20D23DC9}.Debug|Any CPU.ActiveCfg = Debug|Any CPU
		{2D0512C2-DB02-4613-BD52-699A20D23DC9}.Debug|Any CPU.Build.0 = Debug|Any CPU
		{2D0512C2-DB02-4613-BD52-699A20D23DC9}.Release|Any CPU.ActiveCfg = Release|Any CPU
		{2D0512C2-DB02-4613-BD52-699A20D23DC9}.Release|Any CPU.Build.0 = Release|Any CPU
		{9AF3C6CE-07C1-4014-91CC-3EB085EB1593}.Debug|Any CPU.ActiveCfg = Debug|Any CPU
		{9AF3C6CE-07C1-4014-91CC-3EB085EB1593}.Debug|Any CPU.Build.0 = Debug|Any CPU
		{9AF3C6CE-07C1-4014-91CC-3EB085EB1593}.Release|Any CPU.ActiveCfg = Release|Any CPU
		{9AF3C6CE-07C1-4014-91CC-3EB085EB1593}.Release|Any CPU.Build.0 = Release|Any CPU
		{6835493E-F8D1-47F7-985D-DA2D5C40EC9C}.Debug|Any CPU.ActiveCfg = Debug|Any CPU
		{6835493E-F8D1-47F7-985D-DA2D5C40EC9C}.Debug|Any CPU.Build.0 = Debug|Any CPU
		{6835493E-F8D1-47F7-985D-DA2D5C40EC9C}.Release|Any CPU.ActiveCfg = Release|Any CPU
		{6835493E-F8D1-47F7-985D-DA2D5C40EC9C}.Release|Any CPU.Build.0 = Release|Any CPU
		{C1C7C56E-18AA-41C2-8051-9FE696F8A3BF}.Debug|Any CPU.ActiveCfg = Debug|Any CPU
		{C1C7C56E-18AA-41C2-8051-9FE696F8A3BF}.Debug|Any CPU.Build.0 = Debug|Any CPU
		{C1C7C56E-18AA-41C2-8051-9FE696F8A3BF}.Release|Any CPU.ActiveCfg = Release|Any CPU
		{C1C7C56E-18AA-41C2-8051-9FE696F8A3BF}.Release|Any CPU.Build.0 = Release|Any CPU
		{73CC9B66-1F09-4F70-9EEB-76945251CC88}.Debug|Any CPU.ActiveCfg = Debug|Any CPU
		{73CC9B66-1F09-4F70-9EEB-76945251CC88}.Debug|Any CPU.Build.0 = Debug|Any CPU
		{73CC9B66-1F09-4F70-9EEB-76945251CC88}.Release|Any CPU.ActiveCfg = Release|Any CPU
		{73CC9B66-1F09-4F70-9EEB-76945251CC88}.Release|Any CPU.Build.0 = Release|Any CPU
		{29254870-8CAC-4798-8CCB-8DAB46A5F4E4}.Debug|Any CPU.ActiveCfg = Debug|Any CPU
		{29254870-8CAC-4798-8CCB-8DAB46A5F4E4}.Debug|Any CPU.Build.0 = Debug|Any CPU
		{29254870-8CAC-4798-8CCB-8DAB46A5F4E4}.Release|Any CPU.ActiveCfg = Release|Any CPU
		{29254870-8CAC-4798-8CCB-8DAB46A5F4E4}.Release|Any CPU.Build.0 = Release|Any CPU
	EndGlobalSection
	GlobalSection(SolutionProperties) = preSolution
		HideSolutionNode = FALSE
	EndGlobalSection
	GlobalSection(NestedProjects) = preSolution
		{DE3C64E0-DDCC-4649-BAE7-7E3A0FFD2C00} = {DB5C597D-D753-4750-873B-BE292A981AB6}
		{81CFE366-CD5E-4E1F-B0C2-C0B8FB50C4A3} = {7C87293C-A740-4B98-8E67-D67203543986}
		{CAA84226-201D-4635-B752-0EC959640F11} = {7C87293C-A740-4B98-8E67-D67203543986}
		{2AE9329E-C54E-4288-A122-CF419211F858} = {7C87293C-A740-4B98-8E67-D67203543986}
		{EC6BC4DA-673E-41FF-84ED-58707D3321D6} = {7C87293C-A740-4B98-8E67-D67203543986}
		{33D62C1D-00C9-4494-A30F-2188AD4D97ED} = {7C87293C-A740-4B98-8E67-D67203543986}
		{D2F1B019-B003-4F4D-8054-53CD215385EB} = {7C87293C-A740-4B98-8E67-D67203543986}
		{072BC0EC-7786-4E71-A344-DACA6F0BEFF0} = {81CFE366-CD5E-4E1F-B0C2-C0B8FB50C4A3}
		{002A7F3B-438B-4DA2-A348-E3E99AEA4ACC} = {81CFE366-CD5E-4E1F-B0C2-C0B8FB50C4A3}
		{709A7764-2254-43C1-83DB-8B50A941D8FD} = {002A7F3B-438B-4DA2-A348-E3E99AEA4ACC}
		{192A5FFB-E001-4D61-89FB-EC3EBFC91D4E} = {002A7F3B-438B-4DA2-A348-E3E99AEA4ACC}
		{27B04AE9-691B-4196-BD61-4EC6A5D07046} = {81CFE366-CD5E-4E1F-B0C2-C0B8FB50C4A3}
		{49EACEAA-4D6B-4537-950A-B902D15E0C7E} = {27B04AE9-691B-4196-BD61-4EC6A5D07046}
		{6931ABDB-03A2-46E7-919D-A95DC7EABAB5} = {27B04AE9-691B-4196-BD61-4EC6A5D07046}
		{7E609F90-971A-4B93-80B2-5255A5F85404} = {27B04AE9-691B-4196-BD61-4EC6A5D07046}
		{9680EDEF-352C-4AB0-AF9F-D96FC69D53B3} = {CAA84226-201D-4635-B752-0EC959640F11}
		{69D9EC6A-DE20-466E-BB13-1DDF9A8C395B} = {CAA84226-201D-4635-B752-0EC959640F11}
		{9559A4A8-5060-4C31-99BC-453E30B506DA} = {2AE9329E-C54E-4288-A122-CF419211F858}
		{AF965730-D7B2-4174-B0E7-A3B431EA5532} = {2AE9329E-C54E-4288-A122-CF419211F858}
		{6A92F35D-3D0F-4356-A309-7DAAF54C7C3E} = {2AE9329E-C54E-4288-A122-CF419211F858}
		{9111B9F4-2F57-43F1-A596-D24D7C3CD816} = {2AE9329E-C54E-4288-A122-CF419211F858}
		{E8F5210D-AC3C-481D-B018-51193DBAEFF5} = {2AE9329E-C54E-4288-A122-CF419211F858}
		{43E08E22-C9CB-471C-90D7-1FDAB177823A} = {2AE9329E-C54E-4288-A122-CF419211F858}
		{1D3CFC94-D6C9-42FC-AE72-0E129D3BDA52} = {EC6BC4DA-673E-41FF-84ED-58707D3321D6}
		{11EACBA2-C510-4728-AE64-DE17A6D609C8} = {EC6BC4DA-673E-41FF-84ED-58707D3321D6}
		{B8E83346-C8A8-497B-8CA5-187858607184} = {33D62C1D-00C9-4494-A30F-2188AD4D97ED}
		{CCF59BB2-CE3B-4651-B51F-2DB83F2314B7} = {33D62C1D-00C9-4494-A30F-2188AD4D97ED}
		{6EF4E265-56C8-4F60-BDE4-A22F284D719C} = {D2F1B019-B003-4F4D-8054-53CD215385EB}
		{9391BD19-C666-4BB5-8264-58AB71F4DD21} = {6EF4E265-56C8-4F60-BDE4-A22F284D719C}
		{73BE3234-F7AC-4FDD-B3F9-63533E5FAB05} = {6EF4E265-56C8-4F60-BDE4-A22F284D719C}
		{53E27691-1E04-43A5-8746-656F5D55E19C} = {D2F1B019-B003-4F4D-8054-53CD215385EB}
		{7FA67315-3CDA-43AD-B844-6871916310E2} = {53E27691-1E04-43A5-8746-656F5D55E19C}
		{B113C280-A761-401E-82AB-49BA4B1E38D2} = {53E27691-1E04-43A5-8746-656F5D55E19C}
		{D2119845-ECE3-4421-AD12-1C9D1601DEE6} = {53E27691-1E04-43A5-8746-656F5D55E19C}
		{659A8269-14B2-4215-87C2-3A7B8DB4C158} = {D2F1B019-B003-4F4D-8054-53CD215385EB}
		{E15AC53D-E008-4217-96BD-76D47B62F56A} = {B01354B6-6313-460C-A503-5269DED20FA1}
		{83C8F4E6-623B-4B88-9BDB-B33F18C15157} = {B01354B6-6313-460C-A503-5269DED20FA1}
		{BA06E476-B9E0-478A-91A4-9B99E019183E} = {B01354B6-6313-460C-A503-5269DED20FA1}
		{4AA3E63B-7FE4-4FD2-AD20-066E428BF8F7} = {B01354B6-6313-460C-A503-5269DED20FA1}
		{2D0512C2-DB02-4613-BD52-699A20D23DC9} = {B01354B6-6313-460C-A503-5269DED20FA1}
		{9AF3C6CE-07C1-4014-91CC-3EB085EB1593} = {2AE9329E-C54E-4288-A122-CF419211F858}
		{6835493E-F8D1-47F7-985D-DA2D5C40EC9C} = {D2F1B019-B003-4F4D-8054-53CD215385EB}
		{C1C7C56E-18AA-41C2-8051-9FE696F8A3BF} = {DB5C597D-D753-4750-873B-BE292A981AB6}
		{73CC9B66-1F09-4F70-9EEB-76945251CC88} = {DB5C597D-D753-4750-873B-BE292A981AB6}
		{29254870-8CAC-4798-8CCB-8DAB46A5F4E4} = {DB5C597D-D753-4750-873B-BE292A981AB6}
	EndGlobalSection
EndGlobal
