
Microsoft Visual Studio Solution File, Format Version 12.00
# Visual Studio 14
VisualStudioVersion = 14.0.25123.0
MinimumVisualStudioVersion = 10.0.40219.1
Project("{2150E333-8FDC-42A3-9474-1A3956D46DE8}") = "Source", "Source", "{6EB30D48-530E-4433-B637-024C89438AEE}"
EndProject
Project("{2150E333-8FDC-42A3-9474-1A3956D46DE8}") = "Tests", "Tests", "{C9354C63-CF21-4426-8FF5-06389A6698AD}"
EndProject
Project("{FAE04EC0-301F-11D3-BF4B-00C04F79EFBC}") = "CLog.UI.Common", "Client\Source\CLog.UI.Common\CLog.UI.Common.csproj", "{A4C0E351-F70F-4738-AA07-E46DF0E60374}"
EndProject
Project("{FAE04EC0-301F-11D3-BF4B-00C04F79EFBC}") = "CLog.UI.CaptureTime", "Client\Source\CLog.UI.CaptureTime\CLog.UI.CaptureTime.csproj", "{CBCC85C1-68C8-486F-89F9-3480D5FB0E71}"
EndProject
Project("{2150E333-8FDC-42A3-9474-1A3956D46DE8}") = "Dependencies", "Dependencies", "{3DA3DD43-7D33-4462-9F9B-E8132B52C6DE}"
EndProject
Project("{FAE04EC0-301F-11D3-BF4B-00C04F79EFBC}") = "CLog.Common", "Common\CLog.Common\CLog.Common.csproj", "{C1C7C56E-18AA-41C2-8051-9FE696F8A3BF}"
EndProject
Project("{FAE04EC0-301F-11D3-BF4B-00C04F79EFBC}") = "CLog.Common.Log4NetLogger", "Common\CLog.Common.Log4NetLogger\CLog.Common.Log4NetLogger.csproj", "{73CC9B66-1F09-4F70-9EEB-76945251CC88}"
EndProject
Project("{FAE04EC0-301F-11D3-BF4B-00C04F79EFBC}") = "CLog.UI.Models", "Client\Source\CLog.UI.Models\CLog.UI.Models.csproj", "{80C544C2-E16D-47BC-AABB-6D94235C6D13}"
EndProject
Project("{FAE04EC0-301F-11D3-BF4B-00C04F79EFBC}") = "CLog.Framework.ServiceClients", "Server\Source\CLog.Framework.ServiceClients\CLog.Framework.ServiceClients.csproj", "{9111B9F4-2F57-43F1-A596-D24D7C3CD816}"
EndProject
Project("{FAE04EC0-301F-11D3-BF4B-00C04F79EFBC}") = "CLog.Framework.Services", "Server\Source\CLog.Framework.Services\CLog.Framework.Services.csproj", "{E8F5210D-AC3C-481D-B018-51193DBAEFF5}"
EndProject
Project("{FAE04EC0-301F-11D3-BF4B-00C04F79EFBC}") = "CLog.Services.Contracts", "Server\Source\CLog.Services.Contracts\CLog.Services.Contracts.csproj", "{73BE3234-F7AC-4FDD-B3F9-63533E5FAB05}"
EndProject
Project("{FAE04EC0-301F-11D3-BF4B-00C04F79EFBC}") = "CLog.Services.Models", "Server\Source\CLog.Services.Models\CLog.Services.Models.csproj", "{659A8269-14B2-4215-87C2-3A7B8DB4C158}"
EndProject
Project("{FAE04EC0-301F-11D3-BF4B-00C04F79EFBC}") = "CLog.ServiceClients.Contracts", "Client\Source\CLog.ServiceClients.Contracts\CLog.ServiceClients.Contracts.csproj", "{6FDEEA1C-53C7-437E-BCF3-6FA64B5A64C6}"
EndProject
Project("{FAE04EC0-301F-11D3-BF4B-00C04F79EFBC}") = "CLog.Services.Security.Contracts", "Server\Source\CLog.Services.Security.Contracts\CLog.Services.Security.Contracts.csproj", "{9391BD19-C666-4BB5-8264-58AB71F4DD21}"
EndProject
Project("{FAE04EC0-301F-11D3-BF4B-00C04F79EFBC}") = "CLog.Framework.Services.Models", "Server\Source\CLog.Framework.Services.Models\CLog.Framework.Services.Models.csproj", "{43E08E22-C9CB-471C-90D7-1FDAB177823A}"
EndProject
Project("{2150E333-8FDC-42A3-9474-1A3956D46DE8}") = "Cross Cutting Concerns", "Cross Cutting Concerns", "{DBBE51EA-808B-4896-9B2B-5343E30815FE}"
EndProject
Project("{2150E333-8FDC-42A3-9474-1A3956D46DE8}") = "Framework", "Framework", "{B1643B90-C906-424D-82FE-1C12A63F31C1}"
EndProject
Project("{2150E333-8FDC-42A3-9474-1A3956D46DE8}") = "Service Layer", "Service Layer", "{23080C16-60B6-405B-96F2-928C98E698B5}"
EndProject
Project("{2150E333-8FDC-42A3-9474-1A3956D46DE8}") = "View Tests", "View Tests", "{288A2221-1A68-4348-A58D-E03C7FB6FF53}"
EndProject
Project("{2150E333-8FDC-42A3-9474-1A3956D46DE8}") = "Framework", "Framework", "{4C706CE7-4176-41FA-8A95-877F194DE7E4}"
EndProject
Project("{2150E333-8FDC-42A3-9474-1A3956D46DE8}") = "Models", "Models", "{2DAB0F67-6CC1-4E5F-BFA2-A8D2DE39B3DA}"
EndProject
Project("{2150E333-8FDC-42A3-9474-1A3956D46DE8}") = "Module", "Module", "{EBF9FC04-A406-42B1-B4BF-806E7CA8F142}"
EndProject
Project("{2150E333-8FDC-42A3-9474-1A3956D46DE8}") = "Framework", "Framework", "{D71DC783-B7AD-41A6-BB9A-3E84AD7E91A8}"
EndProject
Project("{2150E333-8FDC-42A3-9474-1A3956D46DE8}") = "Integration", "Integration", "{9AF4DBE1-8682-4B75-8FF3-278BDEC90752}"
EndProject
Project("{FAE04EC0-301F-11D3-BF4B-00C04F79EFBC}") = "CLog.UI.Framework.Testing", "Client\Tests\CLog.UI.Framework.Testing\CLog.UI.Framework.Testing.csproj", "{7DFB36EF-68F1-40B4-B840-6C5F62EE5D1F}"
EndProject
Project("{FAE04EC0-301F-11D3-BF4B-00C04F79EFBC}") = "CLog.UI.CaptureTime.View.Tests", "Client\Tests\CLog.UI.CaptureTime.View.Tests\CLog.UI.CaptureTime.View.Tests.csproj", "{9CF6848D-D9B0-4C71-ABC7-DF0BEAD2D3E2}"
EndProject
Project("{FAE04EC0-301F-11D3-BF4B-00C04F79EFBC}") = "CLog.UI.Testing.Configuration", "Client\Tests\CLog.UI.Testing.Configuration\CLog.UI.Testing.Configuration.csproj", "{C5CA04B2-7CDD-41A0-8912-734CC7FE8796}"
EndProject
Project("{FAE04EC0-301F-11D3-BF4B-00C04F79EFBC}") = "CLog.Framework.Configuration", "Common\CLog.Framework.Configuration\CLog.Framework.Configuration.csproj", "{29254870-8CAC-4798-8CCB-8DAB46A5F4E4}"
EndProject
Project("{FAE04EC0-301F-11D3-BF4B-00C04F79EFBC}") = "CLog.UI.Main", "Client\Source\CLog.UI.Main\CLog.UI.Main.csproj", "{72965DB6-5688-4643-8ADA-3ECA78BC6988}"
EndProject
Project("{FAE04EC0-301F-11D3-BF4B-00C04F79EFBC}") = "CLog.ServiceClients.Security", "Client\Source\CLog.ServiceClients.Security\CLog.ServiceClients.Security.csproj", "{B683C213-EE65-4425-AB9A-AE9CDC12E4F6}"
EndProject
Global
	GlobalSection(SolutionConfigurationPlatforms) = preSolution
		Debug|Any CPU = Debug|Any CPU
		Release|Any CPU = Release|Any CPU
	EndGlobalSection
	GlobalSection(ProjectConfigurationPlatforms) = postSolution
		{A4C0E351-F70F-4738-AA07-E46DF0E60374}.Debug|Any CPU.ActiveCfg = Debug|Any CPU
		{A4C0E351-F70F-4738-AA07-E46DF0E60374}.Debug|Any CPU.Build.0 = Debug|Any CPU
		{A4C0E351-F70F-4738-AA07-E46DF0E60374}.Release|Any CPU.ActiveCfg = Release|Any CPU
		{A4C0E351-F70F-4738-AA07-E46DF0E60374}.Release|Any CPU.Build.0 = Release|Any CPU
		{CBCC85C1-68C8-486F-89F9-3480D5FB0E71}.Debug|Any CPU.ActiveCfg = Debug|Any CPU
		{CBCC85C1-68C8-486F-89F9-3480D5FB0E71}.Debug|Any CPU.Build.0 = Debug|Any CPU
		{CBCC85C1-68C8-486F-89F9-3480D5FB0E71}.Release|Any CPU.ActiveCfg = Release|Any CPU
		{CBCC85C1-68C8-486F-89F9-3480D5FB0E71}.Release|Any CPU.Build.0 = Release|Any CPU
		{C1C7C56E-18AA-41C2-8051-9FE696F8A3BF}.Debug|Any CPU.ActiveCfg = Debug|Any CPU
		{C1C7C56E-18AA-41C2-8051-9FE696F8A3BF}.Debug|Any CPU.Build.0 = Debug|Any CPU
		{C1C7C56E-18AA-41C2-8051-9FE696F8A3BF}.Release|Any CPU.ActiveCfg = Release|Any CPU
		{C1C7C56E-18AA-41C2-8051-9FE696F8A3BF}.Release|Any CPU.Build.0 = Release|Any CPU
		{73CC9B66-1F09-4F70-9EEB-76945251CC88}.Debug|Any CPU.ActiveCfg = Debug|Any CPU
		{73CC9B66-1F09-4F70-9EEB-76945251CC88}.Debug|Any CPU.Build.0 = Debug|Any CPU
		{73CC9B66-1F09-4F70-9EEB-76945251CC88}.Release|Any CPU.ActiveCfg = Release|Any CPU
		{73CC9B66-1F09-4F70-9EEB-76945251CC88}.Release|Any CPU.Build.0 = Release|Any CPU
		{80C544C2-E16D-47BC-AABB-6D94235C6D13}.Debug|Any CPU.ActiveCfg = Debug|Any CPU
		{80C544C2-E16D-47BC-AABB-6D94235C6D13}.Debug|Any CPU.Build.0 = Debug|Any CPU
		{80C544C2-E16D-47BC-AABB-6D94235C6D13}.Release|Any CPU.ActiveCfg = Release|Any CPU
		{80C544C2-E16D-47BC-AABB-6D94235C6D13}.Release|Any CPU.Build.0 = Release|Any CPU
		{9111B9F4-2F57-43F1-A596-D24D7C3CD816}.Debug|Any CPU.ActiveCfg = Debug|Any CPU
		{9111B9F4-2F57-43F1-A596-D24D7C3CD816}.Debug|Any CPU.Build.0 = Debug|Any CPU
		{9111B9F4-2F57-43F1-A596-D24D7C3CD816}.Release|Any CPU.ActiveCfg = Release|Any CPU
		{9111B9F4-2F57-43F1-A596-D24D7C3CD816}.Release|Any CPU.Build.0 = Release|Any CPU
		{E8F5210D-AC3C-481D-B018-51193DBAEFF5}.Debug|Any CPU.ActiveCfg = Debug|Any CPU
		{E8F5210D-AC3C-481D-B018-51193DBAEFF5}.Debug|Any CPU.Build.0 = Debug|Any CPU
		{E8F5210D-AC3C-481D-B018-51193DBAEFF5}.Release|Any CPU.ActiveCfg = Release|Any CPU
		{E8F5210D-AC3C-481D-B018-51193DBAEFF5}.Release|Any CPU.Build.0 = Release|Any CPU
		{73BE3234-F7AC-4FDD-B3F9-63533E5FAB05}.Debug|Any CPU.ActiveCfg = Debug|Any CPU
		{73BE3234-F7AC-4FDD-B3F9-63533E5FAB05}.Debug|Any CPU.Build.0 = Debug|Any CPU
		{73BE3234-F7AC-4FDD-B3F9-63533E5FAB05}.Release|Any CPU.ActiveCfg = Release|Any CPU
		{73BE3234-F7AC-4FDD-B3F9-63533E5FAB05}.Release|Any CPU.Build.0 = Release|Any CPU
		{659A8269-14B2-4215-87C2-3A7B8DB4C158}.Debug|Any CPU.ActiveCfg = Debug|Any CPU
		{659A8269-14B2-4215-87C2-3A7B8DB4C158}.Debug|Any CPU.Build.0 = Debug|Any CPU
		{659A8269-14B2-4215-87C2-3A7B8DB4C158}.Release|Any CPU.ActiveCfg = Release|Any CPU
		{659A8269-14B2-4215-87C2-3A7B8DB4C158}.Release|Any CPU.Build.0 = Release|Any CPU
		{6FDEEA1C-53C7-437E-BCF3-6FA64B5A64C6}.Debug|Any CPU.ActiveCfg = Debug|Any CPU
		{6FDEEA1C-53C7-437E-BCF3-6FA64B5A64C6}.Debug|Any CPU.Build.0 = Debug|Any CPU
		{6FDEEA1C-53C7-437E-BCF3-6FA64B5A64C6}.Release|Any CPU.ActiveCfg = Release|Any CPU
		{6FDEEA1C-53C7-437E-BCF3-6FA64B5A64C6}.Release|Any CPU.Build.0 = Release|Any CPU
		{9391BD19-C666-4BB5-8264-58AB71F4DD21}.Debug|Any CPU.ActiveCfg = Debug|Any CPU
		{9391BD19-C666-4BB5-8264-58AB71F4DD21}.Debug|Any CPU.Build.0 = Debug|Any CPU
		{9391BD19-C666-4BB5-8264-58AB71F4DD21}.Release|Any CPU.ActiveCfg = Release|Any CPU
		{9391BD19-C666-4BB5-8264-58AB71F4DD21}.Release|Any CPU.Build.0 = Release|Any CPU
		{43E08E22-C9CB-471C-90D7-1FDAB177823A}.Debug|Any CPU.ActiveCfg = Debug|Any CPU
		{43E08E22-C9CB-471C-90D7-1FDAB177823A}.Debug|Any CPU.Build.0 = Debug|Any CPU
		{43E08E22-C9CB-471C-90D7-1FDAB177823A}.Release|Any CPU.ActiveCfg = Release|Any CPU
		{43E08E22-C9CB-471C-90D7-1FDAB177823A}.Release|Any CPU.Build.0 = Release|Any CPU
		{7DFB36EF-68F1-40B4-B840-6C5F62EE5D1F}.Debug|Any CPU.ActiveCfg = Debug|Any CPU
		{7DFB36EF-68F1-40B4-B840-6C5F62EE5D1F}.Debug|Any CPU.Build.0 = Debug|Any CPU
		{7DFB36EF-68F1-40B4-B840-6C5F62EE5D1F}.Release|Any CPU.ActiveCfg = Release|Any CPU
		{7DFB36EF-68F1-40B4-B840-6C5F62EE5D1F}.Release|Any CPU.Build.0 = Release|Any CPU
		{9CF6848D-D9B0-4C71-ABC7-DF0BEAD2D3E2}.Debug|Any CPU.ActiveCfg = Debug|Any CPU
		{9CF6848D-D9B0-4C71-ABC7-DF0BEAD2D3E2}.Debug|Any CPU.Build.0 = Debug|Any CPU
		{9CF6848D-D9B0-4C71-ABC7-DF0BEAD2D3E2}.Release|Any CPU.ActiveCfg = Release|Any CPU
		{9CF6848D-D9B0-4C71-ABC7-DF0BEAD2D3E2}.Release|Any CPU.Build.0 = Release|Any CPU
		{C5CA04B2-7CDD-41A0-8912-734CC7FE8796}.Debug|Any CPU.ActiveCfg = Debug|Any CPU
		{C5CA04B2-7CDD-41A0-8912-734CC7FE8796}.Debug|Any CPU.Build.0 = Debug|Any CPU
		{C5CA04B2-7CDD-41A0-8912-734CC7FE8796}.Release|Any CPU.ActiveCfg = Release|Any CPU
		{C5CA04B2-7CDD-41A0-8912-734CC7FE8796}.Release|Any CPU.Build.0 = Release|Any CPU
		{29254870-8CAC-4798-8CCB-8DAB46A5F4E4}.Debug|Any CPU.ActiveCfg = Debug|Any CPU
		{29254870-8CAC-4798-8CCB-8DAB46A5F4E4}.Debug|Any CPU.Build.0 = Debug|Any CPU
		{29254870-8CAC-4798-8CCB-8DAB46A5F4E4}.Release|Any CPU.ActiveCfg = Release|Any CPU
		{29254870-8CAC-4798-8CCB-8DAB46A5F4E4}.Release|Any CPU.Build.0 = Release|Any CPU
		{72965DB6-5688-4643-8ADA-3ECA78BC6988}.Debug|Any CPU.ActiveCfg = Debug|Any CPU
		{72965DB6-5688-4643-8ADA-3ECA78BC6988}.Debug|Any CPU.Build.0 = Debug|Any CPU
		{72965DB6-5688-4643-8ADA-3ECA78BC6988}.Release|Any CPU.ActiveCfg = Release|Any CPU
		{72965DB6-5688-4643-8ADA-3ECA78BC6988}.Release|Any CPU.Build.0 = Release|Any CPU
		{B683C213-EE65-4425-AB9A-AE9CDC12E4F6}.Debug|Any CPU.ActiveCfg = Debug|Any CPU
		{B683C213-EE65-4425-AB9A-AE9CDC12E4F6}.Debug|Any CPU.Build.0 = Debug|Any CPU
		{B683C213-EE65-4425-AB9A-AE9CDC12E4F6}.Release|Any CPU.ActiveCfg = Release|Any CPU
		{B683C213-EE65-4425-AB9A-AE9CDC12E4F6}.Release|Any CPU.Build.0 = Release|Any CPU
	EndGlobalSection
	GlobalSection(SolutionProperties) = preSolution
		HideSolutionNode = FALSE
	EndGlobalSection
	GlobalSection(NestedProjects) = preSolution
		{A4C0E351-F70F-4738-AA07-E46DF0E60374} = {D71DC783-B7AD-41A6-BB9A-3E84AD7E91A8}
		{CBCC85C1-68C8-486F-89F9-3480D5FB0E71} = {EBF9FC04-A406-42B1-B4BF-806E7CA8F142}
		{C1C7C56E-18AA-41C2-8051-9FE696F8A3BF} = {DBBE51EA-808B-4896-9B2B-5343E30815FE}
		{73CC9B66-1F09-4F70-9EEB-76945251CC88} = {DBBE51EA-808B-4896-9B2B-5343E30815FE}
		{80C544C2-E16D-47BC-AABB-6D94235C6D13} = {2DAB0F67-6CC1-4E5F-BFA2-A8D2DE39B3DA}
		{9111B9F4-2F57-43F1-A596-D24D7C3CD816} = {B1643B90-C906-424D-82FE-1C12A63F31C1}
		{E8F5210D-AC3C-481D-B018-51193DBAEFF5} = {B1643B90-C906-424D-82FE-1C12A63F31C1}
		{73BE3234-F7AC-4FDD-B3F9-63533E5FAB05} = {23080C16-60B6-405B-96F2-928C98E698B5}
		{659A8269-14B2-4215-87C2-3A7B8DB4C158} = {23080C16-60B6-405B-96F2-928C98E698B5}
		{6FDEEA1C-53C7-437E-BCF3-6FA64B5A64C6} = {9AF4DBE1-8682-4B75-8FF3-278BDEC90752}
		{9391BD19-C666-4BB5-8264-58AB71F4DD21} = {23080C16-60B6-405B-96F2-928C98E698B5}
		{43E08E22-C9CB-471C-90D7-1FDAB177823A} = {B1643B90-C906-424D-82FE-1C12A63F31C1}
		{DBBE51EA-808B-4896-9B2B-5343E30815FE} = {3DA3DD43-7D33-4462-9F9B-E8132B52C6DE}
		{B1643B90-C906-424D-82FE-1C12A63F31C1} = {3DA3DD43-7D33-4462-9F9B-E8132B52C6DE}
		{23080C16-60B6-405B-96F2-928C98E698B5} = {3DA3DD43-7D33-4462-9F9B-E8132B52C6DE}
		{288A2221-1A68-4348-A58D-E03C7FB6FF53} = {C9354C63-CF21-4426-8FF5-06389A6698AD}
		{4C706CE7-4176-41FA-8A95-877F194DE7E4} = {C9354C63-CF21-4426-8FF5-06389A6698AD}
		{2DAB0F67-6CC1-4E5F-BFA2-A8D2DE39B3DA} = {6EB30D48-530E-4433-B637-024C89438AEE}
		{EBF9FC04-A406-42B1-B4BF-806E7CA8F142} = {6EB30D48-530E-4433-B637-024C89438AEE}
		{D71DC783-B7AD-41A6-BB9A-3E84AD7E91A8} = {6EB30D48-530E-4433-B637-024C89438AEE}
		{9AF4DBE1-8682-4B75-8FF3-278BDEC90752} = {6EB30D48-530E-4433-B637-024C89438AEE}
		{7DFB36EF-68F1-40B4-B840-6C5F62EE5D1F} = {4C706CE7-4176-41FA-8A95-877F194DE7E4}
		{9CF6848D-D9B0-4C71-ABC7-DF0BEAD2D3E2} = {288A2221-1A68-4348-A58D-E03C7FB6FF53}
		{C5CA04B2-7CDD-41A0-8912-734CC7FE8796} = {4C706CE7-4176-41FA-8A95-877F194DE7E4}
		{29254870-8CAC-4798-8CCB-8DAB46A5F4E4} = {B1643B90-C906-424D-82FE-1C12A63F31C1}
		{72965DB6-5688-4643-8ADA-3ECA78BC6988} = {EBF9FC04-A406-42B1-B4BF-806E7CA8F142}
		{B683C213-EE65-4425-AB9A-AE9CDC12E4F6} = {23080C16-60B6-405B-96F2-928C98E698B5}
	EndGlobalSection
	GlobalSection(ExtensibilityGlobals) = postSolution
		EnterpriseLibraryConfigurationToolBinariesPath = packages\Unity.2.1.505.0\lib\NET35
	EndGlobalSection
EndGlobal
